PODS:
  - ASIHTTPRequest (1.8.2):
    - ASIHTTPRequest/ASIWebPageRequest
    - ASIHTTPRequest/CloudFiles
    - ASIHTTPRequest/Core
    - ASIHTTPRequest/S3
  - ASIHTTPRequest/ASIWebPageRequest (1.8.2):
    - ASIHTTPRequest/Core
  - ASIHTTPRequest/CloudFiles (1.8.2):
    - ASIHTTPRequest/Core
  - ASIHTTPRequest/Core (1.8.2):
    - Reachability
  - ASIHTTPRequest/S3 (1.8.2):
    - ASIHTTPRequest/Core
  - FMDB (2.2):
    - FMDB/standard
  - FMDB/common (2.2)
  - FMDB/standard (2.2):
    - FMDB/common
  - JSONKit-NoWarning (1.1)
  - Reachability (3.1.1)
  - SFHFKeychainUtils (0.0.1)

DEPENDENCIES:
  - ASIHTTPRequest
  - FMDB (~> 2.2)
  - JSONKit-NoWarning (~> 1.1)
  - SFHFKeychainUtils (~> 0.0.1)

SPEC CHECKSUMS:
  ASIHTTPRequest: 0b05282cf3c422c3474eff98c5bb8c1192b91b86
  FMDB: e0dd09464b4e1a1cd7fa51ea835ae821b5656865
  JSONKit-NoWarning: 85857d86cd61cfddd691c7eb4855496e2ec9b2a9
  Reachability: be4883bb93f31e38266ae3365e5600a317aae735
  SFHFKeychainUtils: d1ae332c4ef51a67d7e6e9292a060b42329316fd

COCOAPODS: 0.32.1
