// !$*UTF8*$!
{
	archiveVersion = 1;
	classes = {
	};
	objectVersion = 46;
	objects = {

/* Begin PBXBuildFile section */
		671E1D8619060D5F006E4683 /* title_bg.png in Resources */ = {isa = PBXBuildFile; fileRef = 671E1D8519060D5F006E4683 /* title_bg.png */; };
		671E1D8C190613D2006E4683 /* EGORefreshTableHeaderView.m in Sources */ = {isa = PBXBuildFile; fileRef = 671E1D89190613D2006E4683 /* EGORefreshTableHeaderView.m */; settings = {COMPILER_FLAGS = "-fno-objc-arc"; }; };
		671E1D8D190613D2006E4683 /* RefreshTablePullUp.m in Sources */ = {isa = PBXBuildFile; fileRef = 671E1D8B190613D2006E4683 /* RefreshTablePullUp.m */; settings = {COMPILER_FLAGS = "-fno-objc-arc"; }; };
		671E1D901906164C006E4683 /* OTSPageView.m in Sources */ = {isa = PBXBuildFile; fileRef = 671E1D8F1906164C006E4683 /* OTSPageView.m */; settings = {COMPILER_FLAGS = "-fno-objc-arc"; }; };
		671E1D9419061AAB006E4683 /* Page.m in Sources */ = {isa = PBXBuildFile; fileRef = 671E1D9319061AAB006E4683 /* Page.m */; settings = {COMPILER_FLAGS = "-fno-objc-arc"; }; };
		671E1D971906235B006E4683 /* OTSAlertView.m in Sources */ = {isa = PBXBuildFile; fileRef = 671E1D961906235B006E4683 /* OTSAlertView.m */; settings = {COMPILER_FLAGS = "-fno-objc-arc"; }; };
		671E1D9A19062573006E4683 /* NSString+MD5Addition.m in Sources */ = {isa = PBXBuildFile; fileRef = 671E1D9919062573006E4683 /* NSString+MD5Addition.m */; settings = {COMPILER_FLAGS = "-fno-objc-arc"; }; };
		671E1D9D19063984006E4683 /* ImageCache.m in Sources */ = {isa = PBXBuildFile; fileRef = 671E1D9C19063984006E4683 /* ImageCache.m */; settings = {COMPILER_FLAGS = "-fno-objc-arc"; }; };
		671E1DA0190659FE006E4683 /* DataController.m in Sources */ = {isa = PBXBuildFile; fileRef = 671E1D9F190659FE006E4683 /* DataController.m */; settings = {COMPILER_FLAGS = "-fno-objc-arc"; }; };
		671E1DA319065D83006E4683 /* OTSUtility.m in Sources */ = {isa = PBXBuildFile; fileRef = 671E1DA219065D83006E4683 /* OTSUtility.m */; settings = {COMPILER_FLAGS = "-fno-objc-arc"; }; };
		671E1DA9190668DE006E4683 /* cart_gift_select_point.png in Resources */ = {isa = PBXBuildFile; fileRef = 671E1DA7190668DE006E4683 /* cart_gift_select_point.png */; };
		671E1DAA190668DE006E4683 /* cart_gift_select_point@2x.png in Resources */ = {isa = PBXBuildFile; fileRef = 671E1DA8190668DE006E4683 /* cart_gift_select_point@2x.png */; };
		671E1DAD190668F8006E4683 /* cart_gift_unsel_point.png in Resources */ = {isa = PBXBuildFile; fileRef = 671E1DAB190668F8006E4683 /* cart_gift_unsel_point.png */; };
		671E1DAE190668F8006E4683 /* cart_gift_unsel_point@2x.png in Resources */ = {isa = PBXBuildFile; fileRef = 671E1DAC190668F8006E4683 /* cart_gift_unsel_point@2x.png */; };
		671E1DB1190672CC006E4683 /* GlobalValue.m in Sources */ = {isa = PBXBuildFile; fileRef = 671E1DB0190672CC006E4683 /* GlobalValue.m */; };
		671E1DB419067CFB006E4683 /* UserManageTool.m in Sources */ = {isa = PBXBuildFile; fileRef = 671E1DB319067CFB006E4683 /* UserManageTool.m */; settings = {COMPILER_FLAGS = "-fno-objc-arc"; }; };
		6732514D18FF7273003A33C9 /* tabbar_homepage_unsel.png in Resources */ = {isa = PBXBuildFile; fileRef = 6732514B18FF7273003A33C9 /* tabbar_homepage_unsel.png */; };
		6732514E18FF7273003A33C9 /* tabbar_homepage_unsel@2x.png in Resources */ = {isa = PBXBuildFile; fileRef = 6732514C18FF7273003A33C9 /* tabbar_homepage_unsel@2x.png */; };
		6732515018FF73F6003A33C9 /* transparent.png in Resources */ = {isa = PBXBuildFile; fileRef = 6732514F18FF73F6003A33C9 /* transparent.png */; };
		6732515418FFAD07003A33C9 /* OTSLoadingView.m in Sources */ = {isa = PBXBuildFile; fileRef = 6732515318FFAD07003A33C9 /* OTSLoadingView.m */; settings = {COMPILER_FLAGS = "-fno-objc-arc"; }; };
		67E1EB8619078A7300986A3F /* HomePageModelACell.m in Sources */ = {isa = PBXBuildFile; fileRef = 671E1DA519066546006E4683 /* HomePageModelACell.m */; settings = {COMPILER_FLAGS = "-fno-objc-arc"; }; };
		67E1EB9619078AEF00986A3F /* readme.txt in Resources */ = {isa = PBXBuildFile; fileRef = 67E1EB8819078AEF00986A3F /* readme.txt */; };
		67E1EB9719078AEF00986A3F /* SDButton+SDWebCache.m in Sources */ = {isa = PBXBuildFile; fileRef = 67E1EB8A19078AEF00986A3F /* SDButton+SDWebCache.m */; settings = {COMPILER_FLAGS = "-fno-objc-arc"; }; };
		67E1EB9819078AEF00986A3F /* SDDataCache.m in Sources */ = {isa = PBXBuildFile; fileRef = 67E1EB8C19078AEF00986A3F /* SDDataCache.m */; settings = {COMPILER_FLAGS = "-fno-objc-arc"; }; };
		67E1EB9919078AEF00986A3F /* SDImageView+SDWebCache.m in Sources */ = {isa = PBXBuildFile; fileRef = 67E1EB8E19078AEF00986A3F /* SDImageView+SDWebCache.m */; settings = {COMPILER_FLAGS = "-fno-objc-arc"; }; };
		67E1EB9A19078AEF00986A3F /* SDNetworkActivityIndicator.m in Sources */ = {isa = PBXBuildFile; fileRef = 67E1EB9019078AEF00986A3F /* SDNetworkActivityIndicator.m */; settings = {COMPILER_FLAGS = "-fno-objc-arc"; }; };
		67E1EB9B19078AEF00986A3F /* SDWebDataDownloader.m in Sources */ = {isa = PBXBuildFile; fileRef = 67E1EB9219078AEF00986A3F /* SDWebDataDownloader.m */; settings = {COMPILER_FLAGS = "-fno-objc-arc"; }; };
		67E1EB9C19078AEF00986A3F /* SDWebDataManager.m in Sources */ = {isa = PBXBuildFile; fileRef = 67E1EB9419078AEF00986A3F /* SDWebDataManager.m */; settings = {COMPILER_FLAGS = "-fno-objc-arc"; }; };
		6DD626AC9DA24052922EB4BC /* libPods.a in Frameworks */ = {isa = PBXBuildFile; fileRef = 4CBFA66E4D8E471FAEC95AC1 /* libPods.a */; };
		A390AA0418DD5D8600DE643D /* YWTabBarViewController.m in Sources */ = {isa = PBXBuildFile; fileRef = A390AA0318DD5D8600DE643D /* YWTabBarViewController.m */; };
		A395CE0A18DBEE7900C0E0FB /* YWBaseViewController.m in Sources */ = {isa = PBXBuildFile; fileRef = A395CE0918DBEE7900C0E0FB /* YWBaseViewController.m */; };
		A395CE0E18DC1B9D00C0E0FB /* HomeViewController.m in Sources */ = {isa = PBXBuildFile; fileRef = A395CE0C18DC1B9D00C0E0FB /* HomeViewController.m */; settings = {COMPILER_FLAGS = "-fno-objc-arc"; }; };
		A395CE0F18DC1B9D00C0E0FB /* HomeViewController.xib in Resources */ = {isa = PBXBuildFile; fileRef = A395CE0D18DC1B9D00C0E0FB /* HomeViewController.xib */; };
		A395CE1318DC263A00C0E0FB /* CategoryViewController.m in Sources */ = {isa = PBXBuildFile; fileRef = A395CE1118DC263A00C0E0FB /* CategoryViewController.m */; };
		A395CE1418DC263A00C0E0FB /* CategoryViewController.xib in Resources */ = {isa = PBXBuildFile; fileRef = A395CE1218DC263A00C0E0FB /* CategoryViewController.xib */; };
		A395CE1818DC264900C0E0FB /* MoreViewController.m in Sources */ = {isa = PBXBuildFile; fileRef = A395CE1618DC264900C0E0FB /* MoreViewController.m */; };
		A395CE1918DC264900C0E0FB /* MoreViewController.xib in Resources */ = {isa = PBXBuildFile; fileRef = A395CE1718DC264900C0E0FB /* MoreViewController.xib */; };
		A395CE1D18DC266100C0E0FB /* CartViewController.m in Sources */ = {isa = PBXBuildFile; fileRef = A395CE1B18DC266100C0E0FB /* CartViewController.m */; };
		A395CE1E18DC266100C0E0FB /* CartViewController.xib in Resources */ = {isa = PBXBuildFile; fileRef = A395CE1C18DC266100C0E0FB /* CartViewController.xib */; };
		A395CE2218DC268600C0E0FB /* MyAccountViewController.m in Sources */ = {isa = PBXBuildFile; fileRef = A395CE2018DC268600C0E0FB /* MyAccountViewController.m */; };
		A395CE2318DC268600C0E0FB /* MyAccountViewController.xib in Resources */ = {isa = PBXBuildFile; fileRef = A395CE2118DC268600C0E0FB /* MyAccountViewController.xib */; };
		A395CE2E18DC4DD300C0E0FB /* tabbar_cart_sel.png in Resources */ = {isa = PBXBuildFile; fileRef = A395CE2418DC4DD300C0E0FB /* tabbar_cart_sel.png */; };
		A395CE2F18DC4DD300C0E0FB /* tabbar_cart_unsel.png in Resources */ = {isa = PBXBuildFile; fileRef = A395CE2518DC4DD300C0E0FB /* tabbar_cart_unsel.png */; };
		A395CE3018DC4DD300C0E0FB /* tabbar_category_sel.png in Resources */ = {isa = PBXBuildFile; fileRef = A395CE2618DC4DD300C0E0FB /* tabbar_category_sel.png */; };
		A395CE3118DC4DD300C0E0FB /* tabbar_category_unsel.png in Resources */ = {isa = PBXBuildFile; fileRef = A395CE2718DC4DD300C0E0FB /* tabbar_category_unsel.png */; };
		A395CE3218DC4DD300C0E0FB /* tabbar_homepage_sel.png in Resources */ = {isa = PBXBuildFile; fileRef = A395CE2818DC4DD300C0E0FB /* tabbar_homepage_sel.png */; };
		A395CE3418DC4DD300C0E0FB /* tabbar_more_sel.png in Resources */ = {isa = PBXBuildFile; fileRef = A395CE2A18DC4DD300C0E0FB /* tabbar_more_sel.png */; };
		A395CE3518DC4DD300C0E0FB /* tabbar_more_unsel.png in Resources */ = {isa = PBXBuildFile; fileRef = A395CE2B18DC4DD300C0E0FB /* tabbar_more_unsel.png */; };
		A395CE3618DC4DD300C0E0FB /* tabbar_store_sel.png in Resources */ = {isa = PBXBuildFile; fileRef = A395CE2C18DC4DD300C0E0FB /* tabbar_store_sel.png */; };
		A395CE3718DC4DD300C0E0FB /* tabbar_store_unsel.png in Resources */ = {isa = PBXBuildFile; fileRef = A395CE2D18DC4DD300C0E0FB /* tabbar_store_unsel.png */; };
		A3A6C8AA18D97C08002F0989 /* Foundation.framework in Frameworks */ = {isa = PBXBuildFile; fileRef = A3A6C8A918D97C08002F0989 /* Foundation.framework */; };
		A3A6C8AC18D97C08002F0989 /* CoreGraphics.framework in Frameworks */ = {isa = PBXBuildFile; fileRef = A3A6C8AB18D97C08002F0989 /* CoreGraphics.framework */; };
		A3A6C8AE18D97C08002F0989 /* UIKit.framework in Frameworks */ = {isa = PBXBuildFile; fileRef = A3A6C8AD18D97C08002F0989 /* UIKit.framework */; };
		A3A6C8B418D97C08002F0989 /* InfoPlist.strings in Resources */ = {isa = PBXBuildFile; fileRef = A3A6C8B218D97C08002F0989 /* InfoPlist.strings */; };
		A3A6C8B618D97C08002F0989 /* main.m in Sources */ = {isa = PBXBuildFile; fileRef = A3A6C8B518D97C08002F0989 /* main.m */; };
		A3A6C8BA18D97C08002F0989 /* AppDelegate.m in Sources */ = {isa = PBXBuildFile; fileRef = A3A6C8B918D97C08002F0989 /* AppDelegate.m */; };
		A3A6C8BC18D97C08002F0989 /* Images.xcassets in Resources */ = {isa = PBXBuildFile; fileRef = A3A6C8BB18D97C08002F0989 /* Images.xcassets */; };
		A3A6C8C318D97C08002F0989 /* XCTest.framework in Frameworks */ = {isa = PBXBuildFile; fileRef = A3A6C8C218D97C08002F0989 /* XCTest.framework */; };
		A3A6C8C418D97C08002F0989 /* Foundation.framework in Frameworks */ = {isa = PBXBuildFile; fileRef = A3A6C8A918D97C08002F0989 /* Foundation.framework */; };
		A3A6C8C518D97C08002F0989 /* UIKit.framework in Frameworks */ = {isa = PBXBuildFile; fileRef = A3A6C8AD18D97C08002F0989 /* UIKit.framework */; };
		A3A6C8CD18D97C08002F0989 /* InfoPlist.strings in Resources */ = {isa = PBXBuildFile; fileRef = A3A6C8CB18D97C08002F0989 /* InfoPlist.strings */; };
		A3A6C8CF18D97C08002F0989 /* YaoWangNewProTests.m in Sources */ = {isa = PBXBuildFile; fileRef = A3A6C8CE18D97C08002F0989 /* YaoWangNewProTests.m */; };
		A3A6C8F518D9AA70002F0989 /* NSObject+OTS.m in Sources */ = {isa = PBXBuildFile; fileRef = A3A6C8EC18D9AA70002F0989 /* NSObject+OTS.m */; settings = {COMPILER_FLAGS = "-fno-objc-arc"; }; };
		A3A6C8F618D9AA70002F0989 /* NSString+Common.m in Sources */ = {isa = PBXBuildFile; fileRef = A3A6C8EE18D9AA70002F0989 /* NSString+Common.m */; };
		A3A6C8F718D9AA70002F0989 /* UIColor+Common.m in Sources */ = {isa = PBXBuildFile; fileRef = A3A6C8F018D9AA70002F0989 /* UIColor+Common.m */; };
		A3A6C8F818D9AA70002F0989 /* UIDevice+Common.m in Sources */ = {isa = PBXBuildFile; fileRef = A3A6C8F218D9AA70002F0989 /* UIDevice+Common.m */; };
		A3A6C8F918D9AA70002F0989 /* UIView+Common.m in Sources */ = {isa = PBXBuildFile; fileRef = A3A6C8F418D9AA70002F0989 /* UIView+Common.m */; };
		A3A6C91118D9AE62002F0989 /* YWGroupService.m in Sources */ = {isa = PBXBuildFile; fileRef = A3A6C8FC18D9AE62002F0989 /* YWGroupService.m */; settings = {COMPILER_FLAGS = "-fno-objc-arc"; }; };
		A3A6C91218D9AE62002F0989 /* YWAddressService.m in Sources */ = {isa = PBXBuildFile; fileRef = A3A6C8FE18D9AE62002F0989 /* YWAddressService.m */; settings = {COMPILER_FLAGS = "-fno-objc-arc"; }; };
		A3A6C91318D9AE62002F0989 /* YWBaseService.m in Sources */ = {isa = PBXBuildFile; fileRef = A3A6C90018D9AE62002F0989 /* YWBaseService.m */; settings = {COMPILER_FLAGS = "-fno-objc-arc"; }; };
		A3A6C91418D9AE62002F0989 /* YWBrowseService.m in Sources */ = {isa = PBXBuildFile; fileRef = A3A6C90218D9AE62002F0989 /* YWBrowseService.m */; settings = {COMPILER_FLAGS = "-fno-objc-arc"; }; };
		A3A6C91518D9AE62002F0989 /* YWFavoriteService.m in Sources */ = {isa = PBXBuildFile; fileRef = A3A6C90418D9AE62002F0989 /* YWFavoriteService.m */; settings = {COMPILER_FLAGS = "-fno-objc-arc"; }; };
		A3A6C91618D9AE62002F0989 /* YWLocalCatService.m in Sources */ = {isa = PBXBuildFile; fileRef = A3A6C90618D9AE62002F0989 /* YWLocalCatService.m */; settings = {COMPILER_FLAGS = "-fno-objc-arc"; }; };
		A3A6C91718D9AE62002F0989 /* YWOrderService.m in Sources */ = {isa = PBXBuildFile; fileRef = A3A6C90818D9AE62002F0989 /* YWOrderService.m */; settings = {COMPILER_FLAGS = "-fno-objc-arc"; }; };
		A3A6C91818D9AE62002F0989 /* YWProductService.m in Sources */ = {isa = PBXBuildFile; fileRef = A3A6C90A18D9AE62002F0989 /* YWProductService.m */; settings = {COMPILER_FLAGS = "-fno-objc-arc"; }; };
		A3A6C91918D9AE62002F0989 /* YWSearchService.m in Sources */ = {isa = PBXBuildFile; fileRef = A3A6C90C18D9AE62002F0989 /* YWSearchService.m */; settings = {COMPILER_FLAGS = "-fno-objc-arc"; }; };
		A3A6C91A18D9AE62002F0989 /* YWSystemService.m in Sources */ = {isa = PBXBuildFile; fileRef = A3A6C90E18D9AE62002F0989 /* YWSystemService.m */; settings = {COMPILER_FLAGS = "-fno-objc-arc"; }; };
		A3A6C91B18D9AE62002F0989 /* YWUserService.m in Sources */ = {isa = PBXBuildFile; fileRef = A3A6C91018D9AE62002F0989 /* YWUserService.m */; settings = {COMPILER_FLAGS = "-fno-objc-arc"; }; };
		A3A6C95618D9AEDB002F0989 /* AdFloorInfo.m in Sources */ = {isa = PBXBuildFile; fileRef = A3A6C91D18D9AEDB002F0989 /* AdFloorInfo.m */; settings = {COMPILER_FLAGS = "-fno-objc-arc"; }; };
		A3A6C95718D9AEDB002F0989 /* CartInfo.m in Sources */ = {isa = PBXBuildFile; fileRef = A3A6C91F18D9AEDB002F0989 /* CartInfo.m */; settings = {COMPILER_FLAGS = "-fno-objc-arc"; }; };
		A3A6C95818D9AEDB002F0989 /* CategoryInfo.m in Sources */ = {isa = PBXBuildFile; fileRef = A3A6C92118D9AEDB002F0989 /* CategoryInfo.m */; settings = {COMPILER_FLAGS = "-fno-objc-arc"; }; };
		A3A6C95918D9AEDB002F0989 /* CommentInfo.m in Sources */ = {isa = PBXBuildFile; fileRef = A3A6C92318D9AEDB002F0989 /* CommentInfo.m */; settings = {COMPILER_FLAGS = "-fno-objc-arc"; }; };
		A3A6C95A18D9AEDB002F0989 /* ConditionInfo.m in Sources */ = {isa = PBXBuildFile; fileRef = A3A6C92518D9AEDB002F0989 /* ConditionInfo.m */; settings = {COMPILER_FLAGS = "-fno-objc-arc"; }; };
		A3A6C95B18D9AEDB002F0989 /* FareInfo.m in Sources */ = {isa = PBXBuildFile; fileRef = A3A6C92718D9AEDB002F0989 /* FareInfo.m */; settings = {COMPILER_FLAGS = "-fno-objc-arc"; }; };
		A3A6C95C18D9AEDB002F0989 /* FavoriteProductInfo.m in Sources */ = {isa = PBXBuildFile; fileRef = A3A6C92918D9AEDB002F0989 /* FavoriteProductInfo.m */; settings = {COMPILER_FLAGS = "-fno-objc-arc"; }; };
		A3A6C95D18D9AEDB002F0989 /* FavoriteResultInfo.m in Sources */ = {isa = PBXBuildFile; fileRef = A3A6C92B18D9AEDB002F0989 /* FavoriteResultInfo.m */; settings = {COMPILER_FLAGS = "-fno-objc-arc"; }; };
		A3A6C95E18D9AEDB002F0989 /* GiftInfo.m in Sources */ = {isa = PBXBuildFile; fileRef = A3A6C92D18D9AEDB002F0989 /* GiftInfo.m */; settings = {COMPILER_FLAGS = "-fno-objc-arc"; }; };
		A3A6C95F18D9AEDB002F0989 /* InvoiceInfo.m in Sources */ = {isa = PBXBuildFile; fileRef = A3A6C92F18D9AEDB002F0989 /* InvoiceInfo.m */; settings = {COMPILER_FLAGS = "-fno-objc-arc"; }; };
		A3A6C96018D9AEDB002F0989 /* LocalCarInfo.m in Sources */ = {isa = PBXBuildFile; fileRef = A3A6C93118D9AEDB002F0989 /* LocalCarInfo.m */; settings = {COMPILER_FLAGS = "-fno-objc-arc"; }; };
		A3A6C96118D9AEDB002F0989 /* LoginResultInfo.m in Sources */ = {isa = PBXBuildFile; fileRef = A3A6C93318D9AEDB002F0989 /* LoginResultInfo.m */; settings = {COMPILER_FLAGS = "-fno-objc-arc"; }; };
		A3A6C96218D9AEDB002F0989 /* MyOrderInfo.m in Sources */ = {isa = PBXBuildFile; fileRef = A3A6C93518D9AEDB002F0989 /* MyOrderInfo.m */; settings = {COMPILER_FLAGS = "-fno-objc-arc"; }; };
		A3A6C96318D9AEDB002F0989 /* OrderContact.m in Sources */ = {isa = PBXBuildFile; fileRef = A3A6C93718D9AEDB002F0989 /* OrderContact.m */; settings = {COMPILER_FLAGS = "-fno-objc-arc"; }; };
		A3A6C96418D9AEDB002F0989 /* OrderDetailInfo.m in Sources */ = {isa = PBXBuildFile; fileRef = A3A6C93918D9AEDB002F0989 /* OrderDetailInfo.m */; settings = {COMPILER_FLAGS = "-fno-objc-arc"; }; };
		A3A6C96518D9AEDB002F0989 /* OrderInfo.m in Sources */ = {isa = PBXBuildFile; fileRef = A3A6C93B18D9AEDB002F0989 /* OrderInfo.m */; settings = {COMPILER_FLAGS = "-fno-objc-arc"; }; };
		A3A6C96618D9AEDB002F0989 /* OrderPackageInfo.m in Sources */ = {isa = PBXBuildFile; fileRef = A3A6C93D18D9AEDB002F0989 /* OrderPackageInfo.m */; settings = {COMPILER_FLAGS = "-fno-objc-arc"; }; };
		A3A6C96718D9AEDB002F0989 /* OrderResultInfo.m in Sources */ = {isa = PBXBuildFile; fileRef = A3A6C93F18D9AEDB002F0989 /* OrderResultInfo.m */; settings = {COMPILER_FLAGS = "-fno-objc-arc"; }; };
		A3A6C96818D9AEDB002F0989 /* ProductInfo.m in Sources */ = {isa = PBXBuildFile; fileRef = A3A6C94118D9AEDB002F0989 /* ProductInfo.m */; settings = {COMPILER_FLAGS = "-fno-objc-arc"; }; };
		A3A6C96918D9AEDB002F0989 /* PromotionInfo.m in Sources */ = {isa = PBXBuildFile; fileRef = A3A6C94318D9AEDB002F0989 /* PromotionInfo.m */; settings = {COMPILER_FLAGS = "-fno-objc-arc"; }; };
		A3A6C96A18D9AEDB002F0989 /* RegistResultInfo.m in Sources */ = {isa = PBXBuildFile; fileRef = A3A6C94518D9AEDB002F0989 /* RegistResultInfo.m */; settings = {COMPILER_FLAGS = "-fno-objc-arc"; }; };
		A3A6C96B18D9AEDB002F0989 /* RelationWordInfo.m in Sources */ = {isa = PBXBuildFile; fileRef = A3A6C94718D9AEDB002F0989 /* RelationWordInfo.m */; settings = {COMPILER_FLAGS = "-fno-objc-arc"; }; };
		A3A6C96C18D9AEDB002F0989 /* ResponseInfo.m in Sources */ = {isa = PBXBuildFile; fileRef = A3A6C94918D9AEDB002F0989 /* ResponseInfo.m */; settings = {COMPILER_FLAGS = "-fno-objc-arc"; }; };
		A3A6C96D18D9AEDB002F0989 /* ResultInfo.m in Sources */ = {isa = PBXBuildFile; fileRef = A3A6C94B18D9AEDB002F0989 /* ResultInfo.m */; settings = {COMPILER_FLAGS = "-fno-objc-arc"; }; };
		A3A6C96E18D9AEDB002F0989 /* SearchResultInfo.m in Sources */ = {isa = PBXBuildFile; fileRef = A3A6C94D18D9AEDB002F0989 /* SearchResultInfo.m */; settings = {COMPILER_FLAGS = "-fno-objc-arc"; }; };
		A3A6C96F18D9AEDB002F0989 /* SpecialRecommendInfo.m in Sources */ = {isa = PBXBuildFile; fileRef = A3A6C94F18D9AEDB002F0989 /* SpecialRecommendInfo.m */; settings = {COMPILER_FLAGS = "-fno-objc-arc"; }; };
		A3A6C97018D9AEDB002F0989 /* SplitLogInfo.m in Sources */ = {isa = PBXBuildFile; fileRef = A3A6C95118D9AEDB002F0989 /* SplitLogInfo.m */; settings = {COMPILER_FLAGS = "-fno-objc-arc"; }; };
		A3A6C97118D9AEDB002F0989 /* UserInfo.m in Sources */ = {isa = PBXBuildFile; fileRef = A3A6C95318D9AEDB002F0989 /* UserInfo.m */; settings = {COMPILER_FLAGS = "-fno-objc-arc"; }; };
		A3A6C97218D9AEDB002F0989 /* VersionInfo.m in Sources */ = {isa = PBXBuildFile; fileRef = A3A6C95518D9AEDB002F0989 /* VersionInfo.m */; settings = {COMPILER_FLAGS = "-fno-objc-arc"; }; };
		A3D1E55418DA880500A0442D /* Config.m in Sources */ = {isa = PBXBuildFile; fileRef = A3D1E55318DA880500A0442D /* Config.m */; };
		A3D1E55718DA882200A0442D /* GPSHelper.m in Sources */ = {isa = PBXBuildFile; fileRef = A3D1E55618DA882200A0442D /* GPSHelper.m */; };
		A3D1E55A18DA8DED00A0442D /* UITableView+LoadingMore.m in Sources */ = {isa = PBXBuildFile; fileRef = A3D1E55918DA8DED00A0442D /* UITableView+LoadingMore.m */; };
		A3D1E55D18DADCC900A0442D /* GoodReceiverVO.m in Sources */ = {isa = PBXBuildFile; fileRef = A3D1E55C18DADCC900A0442D /* GoodReceiverVO.m */; settings = {COMPILER_FLAGS = "-fno-objc-arc"; }; };
/* End PBXBuildFile section */

/* Begin PBXContainerItemProxy section */
		A3A6C8C618D97C08002F0989 /* PBXContainerItemProxy */ = {
			isa = PBXContainerItemProxy;
			containerPortal = A3A6C89E18D97C08002F0989 /* Project object */;
			proxyType = 1;
			remoteGlobalIDString = A3A6C8A518D97C08002F0989;
			remoteInfo = YaoWangNewPro;
		};
/* End PBXContainerItemProxy section */

/* Begin PBXFileReference section */
		4CBFA66E4D8E471FAEC95AC1 /* libPods.a */ = {isa = PBXFileReference; explicitFileType = archive.ar; includeInIndex = 0; path = libPods.a; sourceTree = BUILT_PRODUCTS_DIR; };
		671E1D8519060D5F006E4683 /* title_bg.png */ = {isa = PBXFileReference; lastKnownFileType = image.png; name = title_bg.png; path = Image/title_bg.png; sourceTree = "<group>"; };
		671E1D88190613D2006E4683 /* EGORefreshTableHeaderView.h */ = {isa = PBXFileReference; fileEncoding = 4; lastKnownFileType = sourcecode.c.h; path = EGORefreshTableHeaderView.h; sourceTree = "<group>"; };
		671E1D89190613D2006E4683 /* EGORefreshTableHeaderView.m */ = {isa = PBXFileReference; fileEncoding = 4; lastKnownFileType = sourcecode.c.objc; path = EGORefreshTableHeaderView.m; sourceTree = "<group>"; };
		671E1D8A190613D2006E4683 /* RefreshTablePullUp.h */ = {isa = PBXFileReference; fileEncoding = 4; lastKnownFileType = sourcecode.c.h; path = RefreshTablePullUp.h; sourceTree = "<group>"; };
		671E1D8B190613D2006E4683 /* RefreshTablePullUp.m */ = {isa = PBXFileReference; fileEncoding = 4; lastKnownFileType = sourcecode.c.objc; path = RefreshTablePullUp.m; sourceTree = "<group>"; };
		671E1D8E1906164C006E4683 /* OTSPageView.h */ = {isa = PBXFileReference; fileEncoding = 4; lastKnownFileType = sourcecode.c.h; path = OTSPageView.h; sourceTree = "<group>"; };
		671E1D8F1906164C006E4683 /* OTSPageView.m */ = {isa = PBXFileReference; fileEncoding = 4; lastKnownFileType = sourcecode.c.objc; path = OTSPageView.m; sourceTree = "<group>"; };
		671E1D9219061AAB006E4683 /* Page.h */ = {isa = PBXFileReference; fileEncoding = 4; lastKnownFileType = sourcecode.c.h; path = Page.h; sourceTree = "<group>"; };
		671E1D9319061AAB006E4683 /* Page.m */ = {isa = PBXFileReference; fileEncoding = 4; lastKnownFileType = sourcecode.c.objc; path = Page.m; sourceTree = "<group>"; };
		671E1D951906235B006E4683 /* OTSAlertView.h */ = {isa = PBXFileReference; fileEncoding = 4; lastKnownFileType = sourcecode.c.h; path = OTSAlertView.h; sourceTree = "<group>"; };
		671E1D961906235B006E4683 /* OTSAlertView.m */ = {isa = PBXFileReference; fileEncoding = 4; lastKnownFileType = sourcecode.c.objc; path = OTSAlertView.m; sourceTree = "<group>"; };
		671E1D9819062573006E4683 /* NSString+MD5Addition.h */ = {isa = PBXFileReference; fileEncoding = 4; lastKnownFileType = sourcecode.c.h; path = "NSString+MD5Addition.h"; sourceTree = "<group>"; };
		671E1D9919062573006E4683 /* NSString+MD5Addition.m */ = {isa = PBXFileReference; fileEncoding = 4; lastKnownFileType = sourcecode.c.objc; path = "NSString+MD5Addition.m"; sourceTree = "<group>"; };
		671E1D9B19063984006E4683 /* ImageCache.h */ = {isa = PBXFileReference; fileEncoding = 4; lastKnownFileType = sourcecode.c.h; path = ImageCache.h; sourceTree = "<group>"; };
		671E1D9C19063984006E4683 /* ImageCache.m */ = {isa = PBXFileReference; fileEncoding = 4; lastKnownFileType = sourcecode.c.objc; path = ImageCache.m; sourceTree = "<group>"; };
		671E1D9E190659FE006E4683 /* DataController.h */ = {isa = PBXFileReference; fileEncoding = 4; lastKnownFileType = sourcecode.c.h; path = DataController.h; sourceTree = "<group>"; };
		671E1D9F190659FE006E4683 /* DataController.m */ = {isa = PBXFileReference; fileEncoding = 4; lastKnownFileType = sourcecode.c.objc; path = DataController.m; sourceTree = "<group>"; };
		671E1DA119065D83006E4683 /* OTSUtility.h */ = {isa = PBXFileReference; fileEncoding = 4; lastKnownFileType = sourcecode.c.h; path = OTSUtility.h; sourceTree = "<group>"; };
		671E1DA219065D83006E4683 /* OTSUtility.m */ = {isa = PBXFileReference; fileEncoding = 4; lastKnownFileType = sourcecode.c.objc; path = OTSUtility.m; sourceTree = "<group>"; };
		671E1DA419066546006E4683 /* HomePageModelACell.h */ = {isa = PBXFileReference; fileEncoding = 4; lastKnownFileType = sourcecode.c.h; path = HomePageModelACell.h; sourceTree = "<group>"; };
		671E1DA519066546006E4683 /* HomePageModelACell.m */ = {isa = PBXFileReference; fileEncoding = 4; lastKnownFileType = sourcecode.c.objc; path = HomePageModelACell.m; sourceTree = "<group>"; };
		671E1DA7190668DE006E4683 /* cart_gift_select_point.png */ = {isa = PBXFileReference; lastKnownFileType = image.png; name = cart_gift_select_point.png; path = Image/cart_gift_select_point.png; sourceTree = "<group>"; };
		671E1DA8190668DE006E4683 /* cart_gift_select_point@2x.png */ = {isa = PBXFileReference; lastKnownFileType = image.png; name = "cart_gift_select_point@2x.png"; path = "Image/cart_gift_select_point@2x.png"; sourceTree = "<group>"; };
		671E1DAB190668F8006E4683 /* cart_gift_unsel_point.png */ = {isa = PBXFileReference; lastKnownFileType = image.png; name = cart_gift_unsel_point.png; path = Image/cart_gift_unsel_point.png; sourceTree = "<group>"; };
		671E1DAC190668F8006E4683 /* cart_gift_unsel_point@2x.png */ = {isa = PBXFileReference; lastKnownFileType = image.png; name = "cart_gift_unsel_point@2x.png"; path = "Image/cart_gift_unsel_point@2x.png"; sourceTree = "<group>"; };
		671E1DAF190672CC006E4683 /* GlobalValue.h */ = {isa = PBXFileReference; fileEncoding = 4; lastKnownFileType = sourcecode.c.h; path = GlobalValue.h; sourceTree = "<group>"; };
		671E1DB0190672CC006E4683 /* GlobalValue.m */ = {isa = PBXFileReference; fileEncoding = 4; lastKnownFileType = sourcecode.c.objc; path = GlobalValue.m; sourceTree = "<group>"; };
		671E1DB219067CFB006E4683 /* UserManageTool.h */ = {isa = PBXFileReference; fileEncoding = 4; lastKnownFileType = sourcecode.c.h; path = UserManageTool.h; sourceTree = "<group>"; };
		671E1DB319067CFB006E4683 /* UserManageTool.m */ = {isa = PBXFileReference; fileEncoding = 4; lastKnownFileType = sourcecode.c.objc; path = UserManageTool.m; sourceTree = "<group>"; };
		6732514B18FF7273003A33C9 /* tabbar_homepage_unsel.png */ = {isa = PBXFileReference; lastKnownFileType = image.png; name = tabbar_homepage_unsel.png; path = Image/tabbar_homepage_unsel.png; sourceTree = "<group>"; };
		6732514C18FF7273003A33C9 /* tabbar_homepage_unsel@2x.png */ = {isa = PBXFileReference; lastKnownFileType = image.png; name = "tabbar_homepage_unsel@2x.png"; path = "Image/tabbar_homepage_unsel@2x.png"; sourceTree = "<group>"; };
		6732514F18FF73F6003A33C9 /* transparent.png */ = {isa = PBXFileReference; lastKnownFileType = image.png; name = transparent.png; path = Image/transparent.png; sourceTree = "<group>"; };
		6732515218FFAD07003A33C9 /* OTSLoadingView.h */ = {isa = PBXFileReference; fileEncoding = 4; lastKnownFileType = sourcecode.c.h; path = OTSLoadingView.h; sourceTree = "<group>"; };
		6732515318FFAD07003A33C9 /* OTSLoadingView.m */ = {isa = PBXFileReference; fileEncoding = 4; lastKnownFileType = sourcecode.c.objc; path = OTSLoadingView.m; sourceTree = "<group>"; };
		67E1EB8819078AEF00986A3F /* readme.txt */ = {isa = PBXFileReference; fileEncoding = 4; lastKnownFileType = text; path = readme.txt; sourceTree = "<group>"; };
		67E1EB8919078AEF00986A3F /* SDButton+SDWebCache.h */ = {isa = PBXFileReference; fileEncoding = 4; lastKnownFileType = sourcecode.c.h; path = "SDButton+SDWebCache.h"; sourceTree = "<group>"; };
		67E1EB8A19078AEF00986A3F /* SDButton+SDWebCache.m */ = {isa = PBXFileReference; fileEncoding = 4; lastKnownFileType = sourcecode.c.objc; path = "SDButton+SDWebCache.m"; sourceTree = "<group>"; };
		67E1EB8B19078AEF00986A3F /* SDDataCache.h */ = {isa = PBXFileReference; fileEncoding = 4; lastKnownFileType = sourcecode.c.h; path = SDDataCache.h; sourceTree = "<group>"; };
		67E1EB8C19078AEF00986A3F /* SDDataCache.m */ = {isa = PBXFileReference; fileEncoding = 4; lastKnownFileType = sourcecode.c.objc; path = SDDataCache.m; sourceTree = "<group>"; };
		67E1EB8D19078AEF00986A3F /* SDImageView+SDWebCache.h */ = {isa = PBXFileReference; fileEncoding = 4; lastKnownFileType = sourcecode.c.h; path = "SDImageView+SDWebCache.h"; sourceTree = "<group>"; };
		67E1EB8E19078AEF00986A3F /* SDImageView+SDWebCache.m */ = {isa = PBXFileReference; fileEncoding = 4; lastKnownFileType = sourcecode.c.objc; path = "SDImageView+SDWebCache.m"; sourceTree = "<group>"; };
		67E1EB8F19078AEF00986A3F /* SDNetworkActivityIndicator.h */ = {isa = PBXFileReference; fileEncoding = 4; lastKnownFileType = sourcecode.c.h; path = SDNetworkActivityIndicator.h; sourceTree = "<group>"; };
		67E1EB9019078AEF00986A3F /* SDNetworkActivityIndicator.m */ = {isa = PBXFileReference; fileEncoding = 4; lastKnownFileType = sourcecode.c.objc; path = SDNetworkActivityIndicator.m; sourceTree = "<group>"; };
		67E1EB9119078AEF00986A3F /* SDWebDataDownloader.h */ = {isa = PBXFileReference; fileEncoding = 4; lastKnownFileType = sourcecode.c.h; path = SDWebDataDownloader.h; sourceTree = "<group>"; };
		67E1EB9219078AEF00986A3F /* SDWebDataDownloader.m */ = {isa = PBXFileReference; fileEncoding = 4; lastKnownFileType = sourcecode.c.objc; path = SDWebDataDownloader.m; sourceTree = "<group>"; };
		67E1EB9319078AEF00986A3F /* SDWebDataManager.h */ = {isa = PBXFileReference; fileEncoding = 4; lastKnownFileType = sourcecode.c.h; path = SDWebDataManager.h; sourceTree = "<group>"; };
		67E1EB9419078AEF00986A3F /* SDWebDataManager.m */ = {isa = PBXFileReference; fileEncoding = 4; lastKnownFileType = sourcecode.c.objc; path = SDWebDataManager.m; sourceTree = "<group>"; };
		67E1EB9519078AEF00986A3F /* SDWebImageCompatibly.h */ = {isa = PBXFileReference; fileEncoding = 4; lastKnownFileType = sourcecode.c.h; path = SDWebImageCompatibly.h; sourceTree = "<group>"; };
		8EE0CC09F2D143FD996BECBA /* Pods.xcconfig */ = {isa = PBXFileReference; includeInIndex = 1; lastKnownFileType = text.xcconfig; name = Pods.xcconfig; path = Pods/Pods.xcconfig; sourceTree = "<group>"; };
		A390AA0218DD5D8600DE643D /* YWTabBarViewController.h */ = {isa = PBXFileReference; fileEncoding = 4; lastKnownFileType = sourcecode.c.h; path = YWTabBarViewController.h; sourceTree = "<group>"; };
		A390AA0318DD5D8600DE643D /* YWTabBarViewController.m */ = {isa = PBXFileReference; fileEncoding = 4; lastKnownFileType = sourcecode.c.objc; path = YWTabBarViewController.m; sourceTree = "<group>"; };
		A395CE0818DBEE7900C0E0FB /* YWBaseViewController.h */ = {isa = PBXFileReference; fileEncoding = 4; lastKnownFileType = sourcecode.c.h; name = YWBaseViewController.h; path = "../../Sections/首页/YWBaseViewController.h"; sourceTree = "<group>"; };
		A395CE0918DBEE7900C0E0FB /* YWBaseViewController.m */ = {isa = PBXFileReference; fileEncoding = 4; lastKnownFileType = sourcecode.c.objc; name = YWBaseViewController.m; path = "../../Sections/首页/YWBaseViewController.m"; sourceTree = "<group>"; };
		A395CE0B18DC1B9D00C0E0FB /* HomeViewController.h */ = {isa = PBXFileReference; fileEncoding = 4; lastKnownFileType = sourcecode.c.h; path = HomeViewController.h; sourceTree = "<group>"; };
		A395CE0C18DC1B9D00C0E0FB /* HomeViewController.m */ = {isa = PBXFileReference; fileEncoding = 4; lastKnownFileType = sourcecode.c.objc; path = HomeViewController.m; sourceTree = "<group>"; };
		A395CE0D18DC1B9D00C0E0FB /* HomeViewController.xib */ = {isa = PBXFileReference; fileEncoding = 4; lastKnownFileType = file.xib; path = HomeViewController.xib; sourceTree = "<group>"; };
		A395CE1018DC263A00C0E0FB /* CategoryViewController.h */ = {isa = PBXFileReference; fileEncoding = 4; lastKnownFileType = sourcecode.c.h; path = CategoryViewController.h; sourceTree = "<group>"; };
		A395CE1118DC263A00C0E0FB /* CategoryViewController.m */ = {isa = PBXFileReference; fileEncoding = 4; lastKnownFileType = sourcecode.c.objc; path = CategoryViewController.m; sourceTree = "<group>"; };
		A395CE1218DC263A00C0E0FB /* CategoryViewController.xib */ = {isa = PBXFileReference; fileEncoding = 4; lastKnownFileType = file.xib; path = CategoryViewController.xib; sourceTree = "<group>"; };
		A395CE1518DC264900C0E0FB /* MoreViewController.h */ = {isa = PBXFileReference; fileEncoding = 4; lastKnownFileType = sourcecode.c.h; path = MoreViewController.h; sourceTree = "<group>"; };
		A395CE1618DC264900C0E0FB /* MoreViewController.m */ = {isa = PBXFileReference; fileEncoding = 4; lastKnownFileType = sourcecode.c.objc; path = MoreViewController.m; sourceTree = "<group>"; };
		A395CE1718DC264900C0E0FB /* MoreViewController.xib */ = {isa = PBXFileReference; fileEncoding = 4; lastKnownFileType = file.xib; path = MoreViewController.xib; sourceTree = "<group>"; };
		A395CE1A18DC266100C0E0FB /* CartViewController.h */ = {isa = PBXFileReference; fileEncoding = 4; lastKnownFileType = sourcecode.c.h; path = CartViewController.h; sourceTree = "<group>"; };
		A395CE1B18DC266100C0E0FB /* CartViewController.m */ = {isa = PBXFileReference; fileEncoding = 4; lastKnownFileType = sourcecode.c.objc; path = CartViewController.m; sourceTree = "<group>"; };
		A395CE1C18DC266100C0E0FB /* CartViewController.xib */ = {isa = PBXFileReference; fileEncoding = 4; lastKnownFileType = file.xib; path = CartViewController.xib; sourceTree = "<group>"; };
		A395CE1F18DC268600C0E0FB /* MyAccountViewController.h */ = {isa = PBXFileReference; fileEncoding = 4; lastKnownFileType = sourcecode.c.h; path = MyAccountViewController.h; sourceTree = "<group>"; };
		A395CE2018DC268600C0E0FB /* MyAccountViewController.m */ = {isa = PBXFileReference; fileEncoding = 4; lastKnownFileType = sourcecode.c.objc; path = MyAccountViewController.m; sourceTree = "<group>"; };
		A395CE2118DC268600C0E0FB /* MyAccountViewController.xib */ = {isa = PBXFileReference; fileEncoding = 4; lastKnownFileType = file.xib; path = MyAccountViewController.xib; sourceTree = "<group>"; };
		A395CE2418DC4DD300C0E0FB /* tabbar_cart_sel.png */ = {isa = PBXFileReference; lastKnownFileType = image.png; name = tabbar_cart_sel.png; path = Image/tabbar_cart_sel.png; sourceTree = "<group>"; };
		A395CE2518DC4DD300C0E0FB /* tabbar_cart_unsel.png */ = {isa = PBXFileReference; lastKnownFileType = image.png; name = tabbar_cart_unsel.png; path = Image/tabbar_cart_unsel.png; sourceTree = "<group>"; };
		A395CE2618DC4DD300C0E0FB /* tabbar_category_sel.png */ = {isa = PBXFileReference; lastKnownFileType = image.png; name = tabbar_category_sel.png; path = Image/tabbar_category_sel.png; sourceTree = "<group>"; };
		A395CE2718DC4DD300C0E0FB /* tabbar_category_unsel.png */ = {isa = PBXFileReference; lastKnownFileType = image.png; name = tabbar_category_unsel.png; path = Image/tabbar_category_unsel.png; sourceTree = "<group>"; };
		A395CE2818DC4DD300C0E0FB /* tabbar_homepage_sel.png */ = {isa = PBXFileReference; lastKnownFileType = image.png; name = tabbar_homepage_sel.png; path = Image/tabbar_homepage_sel.png; sourceTree = "<group>"; };
		A395CE2A18DC4DD300C0E0FB /* tabbar_more_sel.png */ = {isa = PBXFileReference; lastKnownFileType = image.png; name = tabbar_more_sel.png; path = Image/tabbar_more_sel.png; sourceTree = "<group>"; };
		A395CE2B18DC4DD300C0E0FB /* tabbar_more_unsel.png */ = {isa = PBXFileReference; lastKnownFileType = image.png; name = tabbar_more_unsel.png; path = Image/tabbar_more_unsel.png; sourceTree = "<group>"; };
		A395CE2C18DC4DD300C0E0FB /* tabbar_store_sel.png */ = {isa = PBXFileReference; lastKnownFileType = image.png; name = tabbar_store_sel.png; path = Image/tabbar_store_sel.png; sourceTree = "<group>"; };
		A395CE2D18DC4DD300C0E0FB /* tabbar_store_unsel.png */ = {isa = PBXFileReference; lastKnownFileType = image.png; name = tabbar_store_unsel.png; path = Image/tabbar_store_unsel.png; sourceTree = "<group>"; };
		A3A6C8A618D97C08002F0989 /* YaoWangNewPro.app */ = {isa = PBXFileReference; explicitFileType = wrapper.application; includeInIndex = 0; path = YaoWangNewPro.app; sourceTree = BUILT_PRODUCTS_DIR; };
		A3A6C8A918D97C08002F0989 /* Foundation.framework */ = {isa = PBXFileReference; lastKnownFileType = wrapper.framework; name = Foundation.framework; path = System/Library/Frameworks/Foundation.framework; sourceTree = SDKROOT; };
		A3A6C8AB18D97C08002F0989 /* CoreGraphics.framework */ = {isa = PBXFileReference; lastKnownFileType = wrapper.framework; name = CoreGraphics.framework; path = System/Library/Frameworks/CoreGraphics.framework; sourceTree = SDKROOT; };
		A3A6C8AD18D97C08002F0989 /* UIKit.framework */ = {isa = PBXFileReference; lastKnownFileType = wrapper.framework; name = UIKit.framework; path = System/Library/Frameworks/UIKit.framework; sourceTree = SDKROOT; };
		A3A6C8B118D97C08002F0989 /* YaoWangNewPro-Info.plist */ = {isa = PBXFileReference; lastKnownFileType = text.plist.xml; path = "YaoWangNewPro-Info.plist"; sourceTree = "<group>"; };
		A3A6C8B318D97C08002F0989 /* en */ = {isa = PBXFileReference; lastKnownFileType = text.plist.strings; name = en; path = en.lproj/InfoPlist.strings; sourceTree = "<group>"; };
		A3A6C8B518D97C08002F0989 /* main.m */ = {isa = PBXFileReference; lastKnownFileType = sourcecode.c.objc; path = main.m; sourceTree = "<group>"; };
		A3A6C8B718D97C08002F0989 /* YaoWangNewPro-Prefix.pch */ = {isa = PBXFileReference; lastKnownFileType = sourcecode.c.h; path = "YaoWangNewPro-Prefix.pch"; sourceTree = "<group>"; };
		A3A6C8B818D97C08002F0989 /* AppDelegate.h */ = {isa = PBXFileReference; lastKnownFileType = sourcecode.c.h; path = AppDelegate.h; sourceTree = "<group>"; };
		A3A6C8B918D97C08002F0989 /* AppDelegate.m */ = {isa = PBXFileReference; lastKnownFileType = sourcecode.c.objc; path = AppDelegate.m; sourceTree = "<group>"; };
		A3A6C8BB18D97C08002F0989 /* Images.xcassets */ = {isa = PBXFileReference; lastKnownFileType = folder.assetcatalog; path = Images.xcassets; sourceTree = "<group>"; };
		A3A6C8C118D97C08002F0989 /* YaoWangNewProTests.xctest */ = {isa = PBXFileReference; explicitFileType = wrapper.cfbundle; includeInIndex = 0; path = YaoWangNewProTests.xctest; sourceTree = BUILT_PRODUCTS_DIR; };
		A3A6C8C218D97C08002F0989 /* XCTest.framework */ = {isa = PBXFileReference; lastKnownFileType = wrapper.framework; name = XCTest.framework; path = Library/Frameworks/XCTest.framework; sourceTree = DEVELOPER_DIR; };
		A3A6C8CA18D97C08002F0989 /* YaoWangNewProTests-Info.plist */ = {isa = PBXFileReference; lastKnownFileType = text.plist.xml; path = "YaoWangNewProTests-Info.plist"; sourceTree = "<group>"; };
		A3A6C8CC18D97C08002F0989 /* en */ = {isa = PBXFileReference; lastKnownFileType = text.plist.strings; name = en; path = en.lproj/InfoPlist.strings; sourceTree = "<group>"; };
		A3A6C8CE18D97C08002F0989 /* YaoWangNewProTests.m */ = {isa = PBXFileReference; lastKnownFileType = sourcecode.c.objc; path = YaoWangNewProTests.m; sourceTree = "<group>"; };
		A3A6C8E218D99C56002F0989 /* AppMacro.h */ = {isa = PBXFileReference; fileEncoding = 4; lastKnownFileType = sourcecode.c.h; path = AppMacro.h; sourceTree = "<group>"; };
		A3A6C8E318D99C83002F0989 /* NotificationMacro.h */ = {isa = PBXFileReference; fileEncoding = 4; lastKnownFileType = sourcecode.c.h; path = NotificationMacro.h; sourceTree = "<group>"; };
		A3A6C8E418D99CAC002F0989 /* VendorMacro.h */ = {isa = PBXFileReference; fileEncoding = 4; lastKnownFileType = sourcecode.c.h; path = VendorMacro.h; sourceTree = "<group>"; };
		A3A6C8E518D99CDD002F0989 /* UtilsMacro.h */ = {isa = PBXFileReference; fileEncoding = 4; lastKnownFileType = sourcecode.c.h; path = UtilsMacro.h; sourceTree = "<group>"; };
		A3A6C8EB18D9AA70002F0989 /* NSObject+OTS.h */ = {isa = PBXFileReference; fileEncoding = 4; lastKnownFileType = sourcecode.c.h; path = "NSObject+OTS.h"; sourceTree = "<group>"; };
		A3A6C8EC18D9AA70002F0989 /* NSObject+OTS.m */ = {isa = PBXFileReference; fileEncoding = 4; lastKnownFileType = sourcecode.c.objc; path = "NSObject+OTS.m"; sourceTree = "<group>"; };
		A3A6C8ED18D9AA70002F0989 /* NSString+Common.h */ = {isa = PBXFileReference; fileEncoding = 4; lastKnownFileType = sourcecode.c.h; path = "NSString+Common.h"; sourceTree = "<group>"; };
		A3A6C8EE18D9AA70002F0989 /* NSString+Common.m */ = {isa = PBXFileReference; fileEncoding = 4; lastKnownFileType = sourcecode.c.objc; path = "NSString+Common.m"; sourceTree = "<group>"; };
		A3A6C8EF18D9AA70002F0989 /* UIColor+Common.h */ = {isa = PBXFileReference; fileEncoding = 4; lastKnownFileType = sourcecode.c.h; path = "UIColor+Common.h"; sourceTree = "<group>"; };
		A3A6C8F018D9AA70002F0989 /* UIColor+Common.m */ = {isa = PBXFileReference; fileEncoding = 4; lastKnownFileType = sourcecode.c.objc; path = "UIColor+Common.m"; sourceTree = "<group>"; };
		A3A6C8F118D9AA70002F0989 /* UIDevice+Common.h */ = {isa = PBXFileReference; fileEncoding = 4; lastKnownFileType = sourcecode.c.h; path = "UIDevice+Common.h"; sourceTree = "<group>"; };
		A3A6C8F218D9AA70002F0989 /* UIDevice+Common.m */ = {isa = PBXFileReference; fileEncoding = 4; lastKnownFileType = sourcecode.c.objc; path = "UIDevice+Common.m"; sourceTree = "<group>"; };
		A3A6C8F318D9AA70002F0989 /* UIView+Common.h */ = {isa = PBXFileReference; fileEncoding = 4; lastKnownFileType = sourcecode.c.h; path = "UIView+Common.h"; sourceTree = "<group>"; };
		A3A6C8F418D9AA70002F0989 /* UIView+Common.m */ = {isa = PBXFileReference; fileEncoding = 4; lastKnownFileType = sourcecode.c.objc; path = "UIView+Common.m"; sourceTree = "<group>"; };
		A3A6C8FB18D9AE62002F0989 /* YWGroupService.h */ = {isa = PBXFileReference; fileEncoding = 4; lastKnownFileType = sourcecode.c.h; path = YWGroupService.h; sourceTree = "<group>"; };
		A3A6C8FC18D9AE62002F0989 /* YWGroupService.m */ = {isa = PBXFileReference; fileEncoding = 4; lastKnownFileType = sourcecode.c.objc; path = YWGroupService.m; sourceTree = "<group>"; };
		A3A6C8FD18D9AE62002F0989 /* YWAddressService.h */ = {isa = PBXFileReference; fileEncoding = 4; lastKnownFileType = sourcecode.c.h; path = YWAddressService.h; sourceTree = "<group>"; };
		A3A6C8FE18D9AE62002F0989 /* YWAddressService.m */ = {isa = PBXFileReference; fileEncoding = 4; lastKnownFileType = sourcecode.c.objc; path = YWAddressService.m; sourceTree = "<group>"; };
		A3A6C8FF18D9AE62002F0989 /* YWBaseService.h */ = {isa = PBXFileReference; fileEncoding = 4; lastKnownFileType = sourcecode.c.h; path = YWBaseService.h; sourceTree = "<group>"; };
		A3A6C90018D9AE62002F0989 /* YWBaseService.m */ = {isa = PBXFileReference; fileEncoding = 4; lastKnownFileType = sourcecode.c.objc; path = YWBaseService.m; sourceTree = "<group>"; };
		A3A6C90118D9AE62002F0989 /* YWBrowseService.h */ = {isa = PBXFileReference; fileEncoding = 4; lastKnownFileType = sourcecode.c.h; path = YWBrowseService.h; sourceTree = "<group>"; };
		A3A6C90218D9AE62002F0989 /* YWBrowseService.m */ = {isa = PBXFileReference; fileEncoding = 4; lastKnownFileType = sourcecode.c.objc; path = YWBrowseService.m; sourceTree = "<group>"; };
		A3A6C90318D9AE62002F0989 /* YWFavoriteService.h */ = {isa = PBXFileReference; fileEncoding = 4; lastKnownFileType = sourcecode.c.h; path = YWFavoriteService.h; sourceTree = "<group>"; };
		A3A6C90418D9AE62002F0989 /* YWFavoriteService.m */ = {isa = PBXFileReference; fileEncoding = 4; lastKnownFileType = sourcecode.c.objc; path = YWFavoriteService.m; sourceTree = "<group>"; };
		A3A6C90518D9AE62002F0989 /* YWLocalCatService.h */ = {isa = PBXFileReference; fileEncoding = 4; lastKnownFileType = sourcecode.c.h; path = YWLocalCatService.h; sourceTree = "<group>"; };
		A3A6C90618D9AE62002F0989 /* YWLocalCatService.m */ = {isa = PBXFileReference; fileEncoding = 4; lastKnownFileType = sourcecode.c.objc; path = YWLocalCatService.m; sourceTree = "<group>"; };
		A3A6C90718D9AE62002F0989 /* YWOrderService.h */ = {isa = PBXFileReference; fileEncoding = 4; lastKnownFileType = sourcecode.c.h; path = YWOrderService.h; sourceTree = "<group>"; };
		A3A6C90818D9AE62002F0989 /* YWOrderService.m */ = {isa = PBXFileReference; fileEncoding = 4; lastKnownFileType = sourcecode.c.objc; path = YWOrderService.m; sourceTree = "<group>"; };
		A3A6C90918D9AE62002F0989 /* YWProductService.h */ = {isa = PBXFileReference; fileEncoding = 4; lastKnownFileType = sourcecode.c.h; path = YWProductService.h; sourceTree = "<group>"; };
		A3A6C90A18D9AE62002F0989 /* YWProductService.m */ = {isa = PBXFileReference; fileEncoding = 4; lastKnownFileType = sourcecode.c.objc; path = YWProductService.m; sourceTree = "<group>"; };
		A3A6C90B18D9AE62002F0989 /* YWSearchService.h */ = {isa = PBXFileReference; fileEncoding = 4; lastKnownFileType = sourcecode.c.h; path = YWSearchService.h; sourceTree = "<group>"; };
		A3A6C90C18D9AE62002F0989 /* YWSearchService.m */ = {isa = PBXFileReference; fileEncoding = 4; lastKnownFileType = sourcecode.c.objc; path = YWSearchService.m; sourceTree = "<group>"; };
		A3A6C90D18D9AE62002F0989 /* YWSystemService.h */ = {isa = PBXFileReference; fileEncoding = 4; lastKnownFileType = sourcecode.c.h; path = YWSystemService.h; sourceTree = "<group>"; };
		A3A6C90E18D9AE62002F0989 /* YWSystemService.m */ = {isa = PBXFileReference; fileEncoding = 4; lastKnownFileType = sourcecode.c.objc; path = YWSystemService.m; sourceTree = "<group>"; };
		A3A6C90F18D9AE62002F0989 /* YWUserService.h */ = {isa = PBXFileReference; fileEncoding = 4; lastKnownFileType = sourcecode.c.h; path = YWUserService.h; sourceTree = "<group>"; };
		A3A6C91018D9AE62002F0989 /* YWUserService.m */ = {isa = PBXFileReference; fileEncoding = 4; lastKnownFileType = sourcecode.c.objc; path = YWUserService.m; sourceTree = "<group>"; };
		A3A6C91C18D9AEDB002F0989 /* AdFloorInfo.h */ = {isa = PBXFileReference; fileEncoding = 4; lastKnownFileType = sourcecode.c.h; path = AdFloorInfo.h; sourceTree = "<group>"; };
		A3A6C91D18D9AEDB002F0989 /* AdFloorInfo.m */ = {isa = PBXFileReference; fileEncoding = 4; lastKnownFileType = sourcecode.c.objc; path = AdFloorInfo.m; sourceTree = "<group>"; };
		A3A6C91E18D9AEDB002F0989 /* CartInfo.h */ = {isa = PBXFileReference; fileEncoding = 4; lastKnownFileType = sourcecode.c.h; path = CartInfo.h; sourceTree = "<group>"; };
		A3A6C91F18D9AEDB002F0989 /* CartInfo.m */ = {isa = PBXFileReference; fileEncoding = 4; lastKnownFileType = sourcecode.c.objc; path = CartInfo.m; sourceTree = "<group>"; };
		A3A6C92018D9AEDB002F0989 /* CategoryInfo.h */ = {isa = PBXFileReference; fileEncoding = 4; lastKnownFileType = sourcecode.c.h; path = CategoryInfo.h; sourceTree = "<group>"; };
		A3A6C92118D9AEDB002F0989 /* CategoryInfo.m */ = {isa = PBXFileReference; fileEncoding = 4; lastKnownFileType = sourcecode.c.objc; path = CategoryInfo.m; sourceTree = "<group>"; };
		A3A6C92218D9AEDB002F0989 /* CommentInfo.h */ = {isa = PBXFileReference; fileEncoding = 4; lastKnownFileType = sourcecode.c.h; path = CommentInfo.h; sourceTree = "<group>"; };
		A3A6C92318D9AEDB002F0989 /* CommentInfo.m */ = {isa = PBXFileReference; fileEncoding = 4; lastKnownFileType = sourcecode.c.objc; path = CommentInfo.m; sourceTree = "<group>"; };
		A3A6C92418D9AEDB002F0989 /* ConditionInfo.h */ = {isa = PBXFileReference; fileEncoding = 4; lastKnownFileType = sourcecode.c.h; path = ConditionInfo.h; sourceTree = "<group>"; };
		A3A6C92518D9AEDB002F0989 /* ConditionInfo.m */ = {isa = PBXFileReference; fileEncoding = 4; lastKnownFileType = sourcecode.c.objc; path = ConditionInfo.m; sourceTree = "<group>"; };
		A3A6C92618D9AEDB002F0989 /* FareInfo.h */ = {isa = PBXFileReference; fileEncoding = 4; lastKnownFileType = sourcecode.c.h; path = FareInfo.h; sourceTree = "<group>"; };
		A3A6C92718D9AEDB002F0989 /* FareInfo.m */ = {isa = PBXFileReference; fileEncoding = 4; lastKnownFileType = sourcecode.c.objc; path = FareInfo.m; sourceTree = "<group>"; };
		A3A6C92818D9AEDB002F0989 /* FavoriteProductInfo.h */ = {isa = PBXFileReference; fileEncoding = 4; lastKnownFileType = sourcecode.c.h; path = FavoriteProductInfo.h; sourceTree = "<group>"; };
		A3A6C92918D9AEDB002F0989 /* FavoriteProductInfo.m */ = {isa = PBXFileReference; fileEncoding = 4; lastKnownFileType = sourcecode.c.objc; path = FavoriteProductInfo.m; sourceTree = "<group>"; };
		A3A6C92A18D9AEDB002F0989 /* FavoriteResultInfo.h */ = {isa = PBXFileReference; fileEncoding = 4; lastKnownFileType = sourcecode.c.h; path = FavoriteResultInfo.h; sourceTree = "<group>"; };
		A3A6C92B18D9AEDB002F0989 /* FavoriteResultInfo.m */ = {isa = PBXFileReference; fileEncoding = 4; lastKnownFileType = sourcecode.c.objc; path = FavoriteResultInfo.m; sourceTree = "<group>"; };
		A3A6C92C18D9AEDB002F0989 /* GiftInfo.h */ = {isa = PBXFileReference; fileEncoding = 4; lastKnownFileType = sourcecode.c.h; path = GiftInfo.h; sourceTree = "<group>"; };
		A3A6C92D18D9AEDB002F0989 /* GiftInfo.m */ = {isa = PBXFileReference; fileEncoding = 4; lastKnownFileType = sourcecode.c.objc; path = GiftInfo.m; sourceTree = "<group>"; };
		A3A6C92E18D9AEDB002F0989 /* InvoiceInfo.h */ = {isa = PBXFileReference; fileEncoding = 4; lastKnownFileType = sourcecode.c.h; path = InvoiceInfo.h; sourceTree = "<group>"; };
		A3A6C92F18D9AEDB002F0989 /* InvoiceInfo.m */ = {isa = PBXFileReference; fileEncoding = 4; lastKnownFileType = sourcecode.c.objc; path = InvoiceInfo.m; sourceTree = "<group>"; };
		A3A6C93018D9AEDB002F0989 /* LocalCarInfo.h */ = {isa = PBXFileReference; fileEncoding = 4; lastKnownFileType = sourcecode.c.h; path = LocalCarInfo.h; sourceTree = "<group>"; };
		A3A6C93118D9AEDB002F0989 /* LocalCarInfo.m */ = {isa = PBXFileReference; fileEncoding = 4; lastKnownFileType = sourcecode.c.objc; path = LocalCarInfo.m; sourceTree = "<group>"; };
		A3A6C93218D9AEDB002F0989 /* LoginResultInfo.h */ = {isa = PBXFileReference; fileEncoding = 4; lastKnownFileType = sourcecode.c.h; path = LoginResultInfo.h; sourceTree = "<group>"; };
		A3A6C93318D9AEDB002F0989 /* LoginResultInfo.m */ = {isa = PBXFileReference; fileEncoding = 4; lastKnownFileType = sourcecode.c.objc; path = LoginResultInfo.m; sourceTree = "<group>"; };
		A3A6C93418D9AEDB002F0989 /* MyOrderInfo.h */ = {isa = PBXFileReference; fileEncoding = 4; lastKnownFileType = sourcecode.c.h; path = MyOrderInfo.h; sourceTree = "<group>"; };
		A3A6C93518D9AEDB002F0989 /* MyOrderInfo.m */ = {isa = PBXFileReference; fileEncoding = 4; lastKnownFileType = sourcecode.c.objc; path = MyOrderInfo.m; sourceTree = "<group>"; };
		A3A6C93618D9AEDB002F0989 /* OrderContact.h */ = {isa = PBXFileReference; fileEncoding = 4; lastKnownFileType = sourcecode.c.h; path = OrderContact.h; sourceTree = "<group>"; };
		A3A6C93718D9AEDB002F0989 /* OrderContact.m */ = {isa = PBXFileReference; fileEncoding = 4; lastKnownFileType = sourcecode.c.objc; path = OrderContact.m; sourceTree = "<group>"; };
		A3A6C93818D9AEDB002F0989 /* OrderDetailInfo.h */ = {isa = PBXFileReference; fileEncoding = 4; lastKnownFileType = sourcecode.c.h; path = OrderDetailInfo.h; sourceTree = "<group>"; };
		A3A6C93918D9AEDB002F0989 /* OrderDetailInfo.m */ = {isa = PBXFileReference; fileEncoding = 4; lastKnownFileType = sourcecode.c.objc; path = OrderDetailInfo.m; sourceTree = "<group>"; };
		A3A6C93A18D9AEDB002F0989 /* OrderInfo.h */ = {isa = PBXFileReference; fileEncoding = 4; lastKnownFileType = sourcecode.c.h; path = OrderInfo.h; sourceTree = "<group>"; };
		A3A6C93B18D9AEDB002F0989 /* OrderInfo.m */ = {isa = PBXFileReference; fileEncoding = 4; lastKnownFileType = sourcecode.c.objc; path = OrderInfo.m; sourceTree = "<group>"; };
		A3A6C93C18D9AEDB002F0989 /* OrderPackageInfo.h */ = {isa = PBXFileReference; fileEncoding = 4; lastKnownFileType = sourcecode.c.h; path = OrderPackageInfo.h; sourceTree = "<group>"; };
		A3A6C93D18D9AEDB002F0989 /* OrderPackageInfo.m */ = {isa = PBXFileReference; fileEncoding = 4; lastKnownFileType = sourcecode.c.objc; path = OrderPackageInfo.m; sourceTree = "<group>"; };
		A3A6C93E18D9AEDB002F0989 /* OrderResultInfo.h */ = {isa = PBXFileReference; fileEncoding = 4; lastKnownFileType = sourcecode.c.h; path = OrderResultInfo.h; sourceTree = "<group>"; };
		A3A6C93F18D9AEDB002F0989 /* OrderResultInfo.m */ = {isa = PBXFileReference; fileEncoding = 4; lastKnownFileType = sourcecode.c.objc; path = OrderResultInfo.m; sourceTree = "<group>"; };
		A3A6C94018D9AEDB002F0989 /* ProductInfo.h */ = {isa = PBXFileReference; fileEncoding = 4; lastKnownFileType = sourcecode.c.h; path = ProductInfo.h; sourceTree = "<group>"; };
		A3A6C94118D9AEDB002F0989 /* ProductInfo.m */ = {isa = PBXFileReference; fileEncoding = 4; lastKnownFileType = sourcecode.c.objc; path = ProductInfo.m; sourceTree = "<group>"; };
		A3A6C94218D9AEDB002F0989 /* PromotionInfo.h */ = {isa = PBXFileReference; fileEncoding = 4; lastKnownFileType = sourcecode.c.h; path = PromotionInfo.h; sourceTree = "<group>"; };
		A3A6C94318D9AEDB002F0989 /* PromotionInfo.m */ = {isa = PBXFileReference; fileEncoding = 4; lastKnownFileType = sourcecode.c.objc; path = PromotionInfo.m; sourceTree = "<group>"; };
		A3A6C94418D9AEDB002F0989 /* RegistResultInfo.h */ = {isa = PBXFileReference; fileEncoding = 4; lastKnownFileType = sourcecode.c.h; path = RegistResultInfo.h; sourceTree = "<group>"; };
		A3A6C94518D9AEDB002F0989 /* RegistResultInfo.m */ = {isa = PBXFileReference; fileEncoding = 4; lastKnownFileType = sourcecode.c.objc; path = RegistResultInfo.m; sourceTree = "<group>"; };
		A3A6C94618D9AEDB002F0989 /* RelationWordInfo.h */ = {isa = PBXFileReference; fileEncoding = 4; lastKnownFileType = sourcecode.c.h; path = RelationWordInfo.h; sourceTree = "<group>"; };
		A3A6C94718D9AEDB002F0989 /* RelationWordInfo.m */ = {isa = PBXFileReference; fileEncoding = 4; lastKnownFileType = sourcecode.c.objc; path = RelationWordInfo.m; sourceTree = "<group>"; };
		A3A6C94818D9AEDB002F0989 /* ResponseInfo.h */ = {isa = PBXFileReference; fileEncoding = 4; lastKnownFileType = sourcecode.c.h; path = ResponseInfo.h; sourceTree = "<group>"; };
		A3A6C94918D9AEDB002F0989 /* ResponseInfo.m */ = {isa = PBXFileReference; fileEncoding = 4; lastKnownFileType = sourcecode.c.objc; path = ResponseInfo.m; sourceTree = "<group>"; };
		A3A6C94A18D9AEDB002F0989 /* ResultInfo.h */ = {isa = PBXFileReference; fileEncoding = 4; lastKnownFileType = sourcecode.c.h; path = ResultInfo.h; sourceTree = "<group>"; };
		A3A6C94B18D9AEDB002F0989 /* ResultInfo.m */ = {isa = PBXFileReference; fileEncoding = 4; lastKnownFileType = sourcecode.c.objc; path = ResultInfo.m; sourceTree = "<group>"; };
		A3A6C94C18D9AEDB002F0989 /* SearchResultInfo.h */ = {isa = PBXFileReference; fileEncoding = 4; lastKnownFileType = sourcecode.c.h; path = SearchResultInfo.h; sourceTree = "<group>"; };
		A3A6C94D18D9AEDB002F0989 /* SearchResultInfo.m */ = {isa = PBXFileReference; fileEncoding = 4; lastKnownFileType = sourcecode.c.objc; path = SearchResultInfo.m; sourceTree = "<group>"; };
		A3A6C94E18D9AEDB002F0989 /* SpecialRecommendInfo.h */ = {isa = PBXFileReference; fileEncoding = 4; lastKnownFileType = sourcecode.c.h; path = SpecialRecommendInfo.h; sourceTree = "<group>"; };
		A3A6C94F18D9AEDB002F0989 /* SpecialRecommendInfo.m */ = {isa = PBXFileReference; fileEncoding = 4; lastKnownFileType = sourcecode.c.objc; path = SpecialRecommendInfo.m; sourceTree = "<group>"; };
		A3A6C95018D9AEDB002F0989 /* SplitLogInfo.h */ = {isa = PBXFileReference; fileEncoding = 4; lastKnownFileType = sourcecode.c.h; path = SplitLogInfo.h; sourceTree = "<group>"; };
		A3A6C95118D9AEDB002F0989 /* SplitLogInfo.m */ = {isa = PBXFileReference; fileEncoding = 4; lastKnownFileType = sourcecode.c.objc; path = SplitLogInfo.m; sourceTree = "<group>"; };
		A3A6C95218D9AEDB002F0989 /* UserInfo.h */ = {isa = PBXFileReference; fileEncoding = 4; lastKnownFileType = sourcecode.c.h; path = UserInfo.h; sourceTree = "<group>"; };
		A3A6C95318D9AEDB002F0989 /* UserInfo.m */ = {isa = PBXFileReference; fileEncoding = 4; lastKnownFileType = sourcecode.c.objc; path = UserInfo.m; sourceTree = "<group>"; };
		A3A6C95418D9AEDB002F0989 /* VersionInfo.h */ = {isa = PBXFileReference; fileEncoding = 4; lastKnownFileType = sourcecode.c.h; path = VersionInfo.h; sourceTree = "<group>"; };
		A3A6C95518D9AEDB002F0989 /* VersionInfo.m */ = {isa = PBXFileReference; fileEncoding = 4; lastKnownFileType = sourcecode.c.objc; path = VersionInfo.m; sourceTree = "<group>"; };
		A3D1E55218DA880500A0442D /* Config.h */ = {isa = PBXFileReference; fileEncoding = 4; lastKnownFileType = sourcecode.c.h; path = Config.h; sourceTree = "<group>"; };
		A3D1E55318DA880500A0442D /* Config.m */ = {isa = PBXFileReference; fileEncoding = 4; lastKnownFileType = sourcecode.c.objc; path = Config.m; sourceTree = "<group>"; };
		A3D1E55518DA882200A0442D /* GPSHelper.h */ = {isa = PBXFileReference; fileEncoding = 4; lastKnownFileType = sourcecode.c.h; path = GPSHelper.h; sourceTree = "<group>"; };
		A3D1E55618DA882200A0442D /* GPSHelper.m */ = {isa = PBXFileReference; fileEncoding = 4; lastKnownFileType = sourcecode.c.objc; path = GPSHelper.m; sourceTree = "<group>"; };
		A3D1E55818DA8DED00A0442D /* UITableView+LoadingMore.h */ = {isa = PBXFileReference; fileEncoding = 4; lastKnownFileType = sourcecode.c.h; path = "UITableView+LoadingMore.h"; sourceTree = "<group>"; };
		A3D1E55918DA8DED00A0442D /* UITableView+LoadingMore.m */ = {isa = PBXFileReference; fileEncoding = 4; lastKnownFileType = sourcecode.c.objc; path = "UITableView+LoadingMore.m"; sourceTree = "<group>"; };
		A3D1E55B18DADCC900A0442D /* GoodReceiverVO.h */ = {isa = PBXFileReference; fileEncoding = 4; lastKnownFileType = sourcecode.c.h; path = GoodReceiverVO.h; sourceTree = "<group>"; };
		A3D1E55C18DADCC900A0442D /* GoodReceiverVO.m */ = {isa = PBXFileReference; fileEncoding = 4; lastKnownFileType = sourcecode.c.objc; path = GoodReceiverVO.m; sourceTree = "<group>"; };
/* End PBXFileReference section */

/* Begin PBXFrameworksBuildPhase section */
		A3A6C8A318D97C08002F0989 /* Frameworks */ = {
			isa = PBXFrameworksBuildPhase;
			buildActionMask = 2147483647;
			files = (
				A3A6C8AC18D97C08002F0989 /* CoreGraphics.framework in Frameworks */,
				A3A6C8AE18D97C08002F0989 /* UIKit.framework in Frameworks */,
				A3A6C8AA18D97C08002F0989 /* Foundation.framework in Frameworks */,
				6DD626AC9DA24052922EB4BC /* libPods.a in Frameworks */,
			);
			runOnlyForDeploymentPostprocessing = 0;
		};
		A3A6C8BE18D97C08002F0989 /* Frameworks */ = {
			isa = PBXFrameworksBuildPhase;
			buildActionMask = 2147483647;
			files = (
				A3A6C8C318D97C08002F0989 /* XCTest.framework in Frameworks */,
				A3A6C8C518D97C08002F0989 /* UIKit.framework in Frameworks */,
				A3A6C8C418D97C08002F0989 /* Foundation.framework in Frameworks */,
			);
			runOnlyForDeploymentPostprocessing = 0;
		};
/* End PBXFrameworksBuildPhase section */

/* Begin PBXGroup section */
		671E1D87190613D2006E4683 /* EGORefresh */ = {
			isa = PBXGroup;
			children = (
				671E1D88190613D2006E4683 /* EGORefreshTableHeaderView.h */,
				671E1D89190613D2006E4683 /* EGORefreshTableHeaderView.m */,
				671E1D8A190613D2006E4683 /* RefreshTablePullUp.h */,
				671E1D8B190613D2006E4683 /* RefreshTablePullUp.m */,
			);
			path = EGORefresh;
			sourceTree = "<group>";
		};
		671E1D9119061AAB006E4683 /* Core */ = {
			isa = PBXGroup;
			children = (
				671E1D9219061AAB006E4683 /* Page.h */,
				671E1D9319061AAB006E4683 /* Page.m */,
			);
			path = Core;
			sourceTree = "<group>";
		};
		6732515118FFAD07003A33C9 /* Util */ = {
			isa = PBXGroup;
			children = (
				671E1DAF190672CC006E4683 /* GlobalValue.h */,
				671E1DB0190672CC006E4683 /* GlobalValue.m */,
				671E1D9E190659FE006E4683 /* DataController.h */,
				671E1D9F190659FE006E4683 /* DataController.m */,
				671E1D9B19063984006E4683 /* ImageCache.h */,
				671E1D9C19063984006E4683 /* ImageCache.m */,
				6732515218FFAD07003A33C9 /* OTSLoadingView.h */,
				6732515318FFAD07003A33C9 /* OTSLoadingView.m */,
				671E1DA119065D83006E4683 /* OTSUtility.h */,
				671E1DA219065D83006E4683 /* OTSUtility.m */,
				67E1EB8719078AEF00986A3F /* SDWebData_1.0.2 */,
				671E1D87190613D2006E4683 /* EGORefresh */,
				671E1D9119061AAB006E4683 /* Core */,
			);
			path = Util;
			sourceTree = "<group>";
		};
		67E1EB8719078AEF00986A3F /* SDWebData_1.0.2 */ = {
			isa = PBXGroup;
			children = (
				67E1EB8819078AEF00986A3F /* readme.txt */,
				67E1EB8919078AEF00986A3F /* SDButton+SDWebCache.h */,
				67E1EB8A19078AEF00986A3F /* SDButton+SDWebCache.m */,
				67E1EB8B19078AEF00986A3F /* SDDataCache.h */,
				67E1EB8C19078AEF00986A3F /* SDDataCache.m */,
				67E1EB8D19078AEF00986A3F /* SDImageView+SDWebCache.h */,
				67E1EB8E19078AEF00986A3F /* SDImageView+SDWebCache.m */,
				67E1EB8F19078AEF00986A3F /* SDNetworkActivityIndicator.h */,
				67E1EB9019078AEF00986A3F /* SDNetworkActivityIndicator.m */,
				67E1EB9119078AEF00986A3F /* SDWebDataDownloader.h */,
				67E1EB9219078AEF00986A3F /* SDWebDataDownloader.m */,
				67E1EB9319078AEF00986A3F /* SDWebDataManager.h */,
				67E1EB9419078AEF00986A3F /* SDWebDataManager.m */,
				67E1EB9519078AEF00986A3F /* SDWebImageCompatibly.h */,
			);
			path = SDWebData_1.0.2;
			sourceTree = "<group>";
		};
		A3A6C89D18D97C08002F0989 = {
			isa = PBXGroup;
			children = (
				A3A6C8AF18D97C08002F0989 /* YaoWangNewPro */,
				A3A6C8C818D97C08002F0989 /* YaoWangNewProTests */,
				A3A6C8A818D97C08002F0989 /* Frameworks */,
				A3A6C8A718D97C08002F0989 /* Products */,
				8EE0CC09F2D143FD996BECBA /* Pods.xcconfig */,
			);
			sourceTree = "<group>";
		};
		A3A6C8A718D97C08002F0989 /* Products */ = {
			isa = PBXGroup;
			children = (
				A3A6C8A618D97C08002F0989 /* YaoWangNewPro.app */,
				A3A6C8C118D97C08002F0989 /* YaoWangNewProTests.xctest */,
			);
			name = Products;
			sourceTree = "<group>";
		};
		A3A6C8A818D97C08002F0989 /* Frameworks */ = {
			isa = PBXGroup;
			children = (
				A3A6C8A918D97C08002F0989 /* Foundation.framework */,
				A3A6C8AB18D97C08002F0989 /* CoreGraphics.framework */,
				A3A6C8AD18D97C08002F0989 /* UIKit.framework */,
				A3A6C8C218D97C08002F0989 /* XCTest.framework */,
				4CBFA66E4D8E471FAEC95AC1 /* libPods.a */,
			);
			name = Frameworks;
			sourceTree = "<group>";
		};
		A3A6C8AF18D97C08002F0989 /* YaoWangNewPro */ = {
			isa = PBXGroup;
			children = (
				A3A6C8D818D99BFA002F0989 /* Common */,
				A3A6C8D918D99BFA002F0989 /* Helper */,
				A3A6C8DA18D99BFA002F0989 /* Macro */,
				A3A6C8DB18D99BFA002F0989 /* Models */,
				A3A6C8DC18D99BFA002F0989 /* Resources */,
				A3A6C8DD18D99BFA002F0989 /* Sections */,
				A3A6C8DE18D99BFA002F0989 /* Vendors */,
				A3A6C8B818D97C08002F0989 /* AppDelegate.h */,
				A3A6C8B918D97C08002F0989 /* AppDelegate.m */,
				A3A6C8BB18D97C08002F0989 /* Images.xcassets */,
				A3A6C8B018D97C08002F0989 /* Supporting Files */,
			);
			path = YaoWangNewPro;
			sourceTree = "<group>";
		};
		A3A6C8B018D97C08002F0989 /* Supporting Files */ = {
			isa = PBXGroup;
			children = (
				A3A6C8B118D97C08002F0989 /* YaoWangNewPro-Info.plist */,
				A3A6C8B218D97C08002F0989 /* InfoPlist.strings */,
				A3A6C8B518D97C08002F0989 /* main.m */,
				A3A6C8B718D97C08002F0989 /* YaoWangNewPro-Prefix.pch */,
			);
			name = "Supporting Files";
			sourceTree = "<group>";
		};
		A3A6C8C818D97C08002F0989 /* YaoWangNewProTests */ = {
			isa = PBXGroup;
			children = (
				A3A6C8CE18D97C08002F0989 /* YaoWangNewProTests.m */,
				A3A6C8C918D97C08002F0989 /* Supporting Files */,
			);
			path = YaoWangNewProTests;
			sourceTree = "<group>";
		};
		A3A6C8C918D97C08002F0989 /* Supporting Files */ = {
			isa = PBXGroup;
			children = (
				A3A6C8CA18D97C08002F0989 /* YaoWangNewProTests-Info.plist */,
				A3A6C8CB18D97C08002F0989 /* InfoPlist.strings */,
			);
			name = "Supporting Files";
			sourceTree = "<group>";
		};
		A3A6C8D818D99BFA002F0989 /* Common */ = {
			isa = PBXGroup;
			children = (
				6732515118FFAD07003A33C9 /* Util */,
				A3A6C8FA18D9AE62002F0989 /* Service */,
				A3A6C8DF18D99C2D002F0989 /* Categories */,
				A3A6C8E018D99C2D002F0989 /* Classes */,
				A3A6C8E118D99C2D002F0989 /* Views */,
			);
			name = Common;
			path = General;
			sourceTree = "<group>";
		};
		A3A6C8D918D99BFA002F0989 /* Helper */ = {
			isa = PBXGroup;
			children = (
				A3D1E55518DA882200A0442D /* GPSHelper.h */,
				A3D1E55618DA882200A0442D /* GPSHelper.m */,
			);
			path = Helper;
			sourceTree = "<group>";
		};
		A3A6C8DA18D99BFA002F0989 /* Macro */ = {
			isa = PBXGroup;
			children = (
				A3A6C8E218D99C56002F0989 /* AppMacro.h */,
				A3A6C8E318D99C83002F0989 /* NotificationMacro.h */,
				A3A6C8E418D99CAC002F0989 /* VendorMacro.h */,
				A3A6C8E518D99CDD002F0989 /* UtilsMacro.h */,
			);
			path = Macro;
			sourceTree = "<group>";
		};
		A3A6C8DB18D99BFA002F0989 /* Models */ = {
			isa = PBXGroup;
			children = (
				671E1DB219067CFB006E4683 /* UserManageTool.h */,
				671E1DB319067CFB006E4683 /* UserManageTool.m */,
				A3D1E55B18DADCC900A0442D /* GoodReceiverVO.h */,
				A3D1E55C18DADCC900A0442D /* GoodReceiverVO.m */,
				A3A6C91C18D9AEDB002F0989 /* AdFloorInfo.h */,
				A3A6C91D18D9AEDB002F0989 /* AdFloorInfo.m */,
				A3A6C91E18D9AEDB002F0989 /* CartInfo.h */,
				A3A6C91F18D9AEDB002F0989 /* CartInfo.m */,
				A3A6C92018D9AEDB002F0989 /* CategoryInfo.h */,
				A3A6C92118D9AEDB002F0989 /* CategoryInfo.m */,
				A3A6C92218D9AEDB002F0989 /* CommentInfo.h */,
				A3A6C92318D9AEDB002F0989 /* CommentInfo.m */,
				A3A6C92418D9AEDB002F0989 /* ConditionInfo.h */,
				A3A6C92518D9AEDB002F0989 /* ConditionInfo.m */,
				A3A6C92618D9AEDB002F0989 /* FareInfo.h */,
				A3A6C92718D9AEDB002F0989 /* FareInfo.m */,
				A3A6C92818D9AEDB002F0989 /* FavoriteProductInfo.h */,
				A3A6C92918D9AEDB002F0989 /* FavoriteProductInfo.m */,
				A3A6C92A18D9AEDB002F0989 /* FavoriteResultInfo.h */,
				A3A6C92B18D9AEDB002F0989 /* FavoriteResultInfo.m */,
				A3A6C92C18D9AEDB002F0989 /* GiftInfo.h */,
				A3A6C92D18D9AEDB002F0989 /* GiftInfo.m */,
				A3A6C92E18D9AEDB002F0989 /* InvoiceInfo.h */,
				A3A6C92F18D9AEDB002F0989 /* InvoiceInfo.m */,
				A3A6C93018D9AEDB002F0989 /* LocalCarInfo.h */,
				A3A6C93118D9AEDB002F0989 /* LocalCarInfo.m */,
				A3A6C93218D9AEDB002F0989 /* LoginResultInfo.h */,
				A3A6C93318D9AEDB002F0989 /* LoginResultInfo.m */,
				A3A6C93418D9AEDB002F0989 /* MyOrderInfo.h */,
				A3A6C93518D9AEDB002F0989 /* MyOrderInfo.m */,
				A3A6C93618D9AEDB002F0989 /* OrderContact.h */,
				A3A6C93718D9AEDB002F0989 /* OrderContact.m */,
				A3A6C93818D9AEDB002F0989 /* OrderDetailInfo.h */,
				A3A6C93918D9AEDB002F0989 /* OrderDetailInfo.m */,
				A3A6C93A18D9AEDB002F0989 /* OrderInfo.h */,
				A3A6C93B18D9AEDB002F0989 /* OrderInfo.m */,
				A3A6C93C18D9AEDB002F0989 /* OrderPackageInfo.h */,
				A3A6C93D18D9AEDB002F0989 /* OrderPackageInfo.m */,
				A3A6C93E18D9AEDB002F0989 /* OrderResultInfo.h */,
				A3A6C93F18D9AEDB002F0989 /* OrderResultInfo.m */,
				A3A6C94018D9AEDB002F0989 /* ProductInfo.h */,
				A3A6C94118D9AEDB002F0989 /* ProductInfo.m */,
				A3A6C94218D9AEDB002F0989 /* PromotionInfo.h */,
				A3A6C94318D9AEDB002F0989 /* PromotionInfo.m */,
				A3A6C94418D9AEDB002F0989 /* RegistResultInfo.h */,
				A3A6C94518D9AEDB002F0989 /* RegistResultInfo.m */,
				A3A6C94618D9AEDB002F0989 /* RelationWordInfo.h */,
				A3A6C94718D9AEDB002F0989 /* RelationWordInfo.m */,
				A3A6C94818D9AEDB002F0989 /* ResponseInfo.h */,
				A3A6C94918D9AEDB002F0989 /* ResponseInfo.m */,
				A3A6C94A18D9AEDB002F0989 /* ResultInfo.h */,
				A3A6C94B18D9AEDB002F0989 /* ResultInfo.m */,
				A3A6C94C18D9AEDB002F0989 /* SearchResultInfo.h */,
				A3A6C94D18D9AEDB002F0989 /* SearchResultInfo.m */,
				A3A6C94E18D9AEDB002F0989 /* SpecialRecommendInfo.h */,
				A3A6C94F18D9AEDB002F0989 /* SpecialRecommendInfo.m */,
				A3A6C95018D9AEDB002F0989 /* SplitLogInfo.h */,
				A3A6C95118D9AEDB002F0989 /* SplitLogInfo.m */,
				A3A6C95218D9AEDB002F0989 /* UserInfo.h */,
				A3A6C95318D9AEDB002F0989 /* UserInfo.m */,
				A3A6C95418D9AEDB002F0989 /* VersionInfo.h */,
				A3A6C95518D9AEDB002F0989 /* VersionInfo.m */,
			);
			path = Models;
			sourceTree = "<group>";
		};
		A3A6C8DC18D99BFA002F0989 /* Resources */ = {
			isa = PBXGroup;
			children = (
				671E1DAB190668F8006E4683 /* cart_gift_unsel_point.png */,
				671E1DAC190668F8006E4683 /* cart_gift_unsel_point@2x.png */,
				671E1DA7190668DE006E4683 /* cart_gift_select_point.png */,
				671E1DA8190668DE006E4683 /* cart_gift_select_point@2x.png */,
				A395CE2418DC4DD300C0E0FB /* tabbar_cart_sel.png */,
				A395CE2518DC4DD300C0E0FB /* tabbar_cart_unsel.png */,
				A395CE2618DC4DD300C0E0FB /* tabbar_category_sel.png */,
				A395CE2718DC4DD300C0E0FB /* tabbar_category_unsel.png */,
				A395CE2818DC4DD300C0E0FB /* tabbar_homepage_sel.png */,
				6732514B18FF7273003A33C9 /* tabbar_homepage_unsel.png */,
				6732514C18FF7273003A33C9 /* tabbar_homepage_unsel@2x.png */,
				A395CE2A18DC4DD300C0E0FB /* tabbar_more_sel.png */,
				A395CE2B18DC4DD300C0E0FB /* tabbar_more_unsel.png */,
				A395CE2C18DC4DD300C0E0FB /* tabbar_store_sel.png */,
				A395CE2D18DC4DD300C0E0FB /* tabbar_store_unsel.png */,
				6732514F18FF73F6003A33C9 /* transparent.png */,
				671E1D8519060D5F006E4683 /* title_bg.png */,
			);
			path = Resources;
			sourceTree = "<group>";
		};
		A3A6C8DD18D99BFA002F0989 /* Sections */ = {
			isa = PBXGroup;
			children = (
				A3A6C8E618D9A5F7002F0989 /* 分类 */,
				A3A6C8E718D9A5F7002F0989 /* 更多 */,
				A3A6C8E818D9A5F7002F0989 /* 购物车 */,
				A3A6C8E918D9A5F7002F0989 /* 首页 */,
				A3A6C8EA18D9A5F7002F0989 /* 我的账户 */,
			);
			path = Sections;
			sourceTree = "<group>";
		};
		A3A6C8DE18D99BFA002F0989 /* Vendors */ = {
			isa = PBXGroup;
			children = (
			);
			path = Vendors;
			sourceTree = "<group>";
		};
		A3A6C8DF18D99C2D002F0989 /* Categories */ = {
			isa = PBXGroup;
			children = (
				671E1D9819062573006E4683 /* NSString+MD5Addition.h */,
				671E1D9919062573006E4683 /* NSString+MD5Addition.m */,
				A3D1E55818DA8DED00A0442D /* UITableView+LoadingMore.h */,
				A3D1E55918DA8DED00A0442D /* UITableView+LoadingMore.m */,
				A3A6C8EB18D9AA70002F0989 /* NSObject+OTS.h */,
				A3A6C8EC18D9AA70002F0989 /* NSObject+OTS.m */,
				A3A6C8ED18D9AA70002F0989 /* NSString+Common.h */,
				A3A6C8EE18D9AA70002F0989 /* NSString+Common.m */,
				A3A6C8EF18D9AA70002F0989 /* UIColor+Common.h */,
				A3A6C8F018D9AA70002F0989 /* UIColor+Common.m */,
				A3A6C8F118D9AA70002F0989 /* UIDevice+Common.h */,
				A3A6C8F218D9AA70002F0989 /* UIDevice+Common.m */,
				A3A6C8F318D9AA70002F0989 /* UIView+Common.h */,
				A3A6C8F418D9AA70002F0989 /* UIView+Common.m */,
			);
			path = Categories;
			sourceTree = "<group>";
		};
		A3A6C8E018D99C2D002F0989 /* Classes */ = {
			isa = PBXGroup;
			children = (
				671E1D951906235B006E4683 /* OTSAlertView.h */,
				671E1D961906235B006E4683 /* OTSAlertView.m */,
				A395CE0818DBEE7900C0E0FB /* YWBaseViewController.h */,
				A395CE0918DBEE7900C0E0FB /* YWBaseViewController.m */,
				A3D1E55218DA880500A0442D /* Config.h */,
				A3D1E55318DA880500A0442D /* Config.m */,
				A390AA0218DD5D8600DE643D /* YWTabBarViewController.h */,
				A390AA0318DD5D8600DE643D /* YWTabBarViewController.m */,
			);
			path = Classes;
			sourceTree = "<group>";
		};
		A3A6C8E118D99C2D002F0989 /* Views */ = {
			isa = PBXGroup;
			children = (
			);
			path = Views;
			sourceTree = "<group>";
		};
		A3A6C8E618D9A5F7002F0989 /* 分类 */ = {
			isa = PBXGroup;
			children = (
				A395CE1018DC263A00C0E0FB /* CategoryViewController.h */,
				A395CE1118DC263A00C0E0FB /* CategoryViewController.m */,
				A395CE1218DC263A00C0E0FB /* CategoryViewController.xib */,
			);
			path = "分类";
			sourceTree = "<group>";
		};
		A3A6C8E718D9A5F7002F0989 /* 更多 */ = {
			isa = PBXGroup;
			children = (
				A395CE1518DC264900C0E0FB /* MoreViewController.h */,
				A395CE1618DC264900C0E0FB /* MoreViewController.m */,
				A395CE1718DC264900C0E0FB /* MoreViewController.xib */,
			);
			path = "更多";
			sourceTree = "<group>";
		};
		A3A6C8E818D9A5F7002F0989 /* 购物车 */ = {
			isa = PBXGroup;
			children = (
				A395CE1A18DC266100C0E0FB /* CartViewController.h */,
				A395CE1B18DC266100C0E0FB /* CartViewController.m */,
				A395CE1C18DC266100C0E0FB /* CartViewController.xib */,
			);
			path = "购物车";
			sourceTree = "<group>";
		};
		A3A6C8E918D9A5F7002F0989 /* 首页 */ = {
			isa = PBXGroup;
			children = (
				A395CE0B18DC1B9D00C0E0FB /* HomeViewController.h */,
				A395CE0C18DC1B9D00C0E0FB /* HomeViewController.m */,
				A395CE0D18DC1B9D00C0E0FB /* HomeViewController.xib */,
				671E1D8E1906164C006E4683 /* OTSPageView.h */,
				671E1D8F1906164C006E4683 /* OTSPageView.m */,
				671E1DA419066546006E4683 /* HomePageModelACell.h */,
				671E1DA519066546006E4683 /* HomePageModelACell.m */,
			);
			path = "首页";
			sourceTree = "<group>";
		};
		A3A6C8EA18D9A5F7002F0989 /* 我的账户 */ = {
			isa = PBXGroup;
			children = (
				A395CE1F18DC268600C0E0FB /* MyAccountViewController.h */,
				A395CE2018DC268600C0E0FB /* MyAccountViewController.m */,
				A395CE2118DC268600C0E0FB /* MyAccountViewController.xib */,
			);
			path = "我的账户";
			sourceTree = "<group>";
		};
		A3A6C8FA18D9AE62002F0989 /* Service */ = {
			isa = PBXGroup;
			children = (
				A3A6C8FB18D9AE62002F0989 /* YWGroupService.h */,
				A3A6C8FC18D9AE62002F0989 /* YWGroupService.m */,
				A3A6C8FD18D9AE62002F0989 /* YWAddressService.h */,
				A3A6C8FE18D9AE62002F0989 /* YWAddressService.m */,
				A3A6C8FF18D9AE62002F0989 /* YWBaseService.h */,
				A3A6C90018D9AE62002F0989 /* YWBaseService.m */,
				A3A6C90118D9AE62002F0989 /* YWBrowseService.h */,
				A3A6C90218D9AE62002F0989 /* YWBrowseService.m */,
				A3A6C90318D9AE62002F0989 /* YWFavoriteService.h */,
				A3A6C90418D9AE62002F0989 /* YWFavoriteService.m */,
				A3A6C90518D9AE62002F0989 /* YWLocalCatService.h */,
				A3A6C90618D9AE62002F0989 /* YWLocalCatService.m */,
				A3A6C90718D9AE62002F0989 /* YWOrderService.h */,
				A3A6C90818D9AE62002F0989 /* YWOrderService.m */,
				A3A6C90918D9AE62002F0989 /* YWProductService.h */,
				A3A6C90A18D9AE62002F0989 /* YWProductService.m */,
				A3A6C90B18D9AE62002F0989 /* YWSearchService.h */,
				A3A6C90C18D9AE62002F0989 /* YWSearchService.m */,
				A3A6C90D18D9AE62002F0989 /* YWSystemService.h */,
				A3A6C90E18D9AE62002F0989 /* YWSystemService.m */,
				A3A6C90F18D9AE62002F0989 /* YWUserService.h */,
				A3A6C91018D9AE62002F0989 /* YWUserService.m */,
			);
			path = Service;
			sourceTree = "<group>";
		};
/* End PBXGroup section */

/* Begin PBXNativeTarget section */
		A3A6C8A518D97C08002F0989 /* YaoWangNewPro */ = {
			isa = PBXNativeTarget;
			buildConfigurationList = A3A6C8D218D97C08002F0989 /* Build configuration list for PBXNativeTarget "YaoWangNewPro" */;
			buildPhases = (
				3F3EDFB96874446C83307C43 /* Check Pods Manifest.lock */,
				A3A6C8A218D97C08002F0989 /* Sources */,
				A3A6C8A318D97C08002F0989 /* Frameworks */,
				A3A6C8A418D97C08002F0989 /* Resources */,
				94E3104C511B447C9758ECD2 /* Copy Pods Resources */,
			);
			buildRules = (
			);
			dependencies = (
			);
			name = YaoWangNewPro;
			productName = YaoWangNewPro;
			productReference = A3A6C8A618D97C08002F0989 /* YaoWangNewPro.app */;
			productType = "com.apple.product-type.application";
		};
		A3A6C8C018D97C08002F0989 /* YaoWangNewProTests */ = {
			isa = PBXNativeTarget;
			buildConfigurationList = A3A6C8D518D97C08002F0989 /* Build configuration list for PBXNativeTarget "YaoWangNewProTests" */;
			buildPhases = (
				A3A6C8BD18D97C08002F0989 /* Sources */,
				A3A6C8BE18D97C08002F0989 /* Frameworks */,
				A3A6C8BF18D97C08002F0989 /* Resources */,
			);
			buildRules = (
			);
			dependencies = (
				A3A6C8C718D97C08002F0989 /* PBXTargetDependency */,
			);
			name = YaoWangNewProTests;
			productName = YaoWangNewProTests;
			productReference = A3A6C8C118D97C08002F0989 /* YaoWangNewProTests.xctest */;
			productType = "com.apple.product-type.bundle.unit-test";
		};
/* End PBXNativeTarget section */

/* Begin PBXProject section */
		A3A6C89E18D97C08002F0989 /* Project object */ = {
			isa = PBXProject;
			attributes = {
				LastUpgradeCheck = 0500;
				ORGANIZATIONNAME = "___FULLUSERNAME___";
				TargetAttributes = {
					A3A6C8C018D97C08002F0989 = {
						TestTargetID = A3A6C8A518D97C08002F0989;
					};
				};
			};
			buildConfigurationList = A3A6C8A118D97C08002F0989 /* Build configuration list for PBXProject "YaoWangNewPro" */;
			compatibilityVersion = "Xcode 3.2";
			developmentRegion = English;
			hasScannedForEncodings = 0;
			knownRegions = (
				en,
			);
			mainGroup = A3A6C89D18D97C08002F0989;
			productRefGroup = A3A6C8A718D97C08002F0989 /* Products */;
			projectDirPath = "";
			projectRoot = "";
			targets = (
				A3A6C8A518D97C08002F0989 /* YaoWangNewPro */,
				A3A6C8C018D97C08002F0989 /* YaoWangNewProTests */,
			);
		};
/* End PBXProject section */

/* Begin PBXResourcesBuildPhase section */
		A3A6C8A418D97C08002F0989 /* Resources */ = {
			isa = PBXResourcesBuildPhase;
			buildActionMask = 2147483647;
			files = (
				6732515018FF73F6003A33C9 /* transparent.png in Resources */,
				6732514D18FF7273003A33C9 /* tabbar_homepage_unsel.png in Resources */,
				A395CE1918DC264900C0E0FB /* MoreViewController.xib in Resources */,
				A395CE1418DC263A00C0E0FB /* CategoryViewController.xib in Resources */,
				A395CE3718DC4DD300C0E0FB /* tabbar_store_unsel.png in Resources */,
				A395CE3618DC4DD300C0E0FB /* tabbar_store_sel.png in Resources */,
				A3A6C8B418D97C08002F0989 /* InfoPlist.strings in Resources */,
				A395CE3418DC4DD300C0E0FB /* tabbar_more_sel.png in Resources */,
				A395CE2318DC268600C0E0FB /* MyAccountViewController.xib in Resources */,
				671E1D8619060D5F006E4683 /* title_bg.png in Resources */,
				67E1EB9619078AEF00986A3F /* readme.txt in Resources */,
				671E1DA9190668DE006E4683 /* cart_gift_select_point.png in Resources */,
				671E1DAE190668F8006E4683 /* cart_gift_unsel_point@2x.png in Resources */,
				671E1DAA190668DE006E4683 /* cart_gift_select_point@2x.png in Resources */,
				A395CE3018DC4DD300C0E0FB /* tabbar_category_sel.png in Resources */,
				A3A6C8BC18D97C08002F0989 /* Images.xcassets in Resources */,
				A395CE3118DC4DD300C0E0FB /* tabbar_category_unsel.png in Resources */,
				671E1DAD190668F8006E4683 /* cart_gift_unsel_point.png in Resources */,
				A395CE2F18DC4DD300C0E0FB /* tabbar_cart_unsel.png in Resources */,
				6732514E18FF7273003A33C9 /* tabbar_homepage_unsel@2x.png in Resources */,
				A395CE3518DC4DD300C0E0FB /* tabbar_more_unsel.png in Resources */,
				A395CE1E18DC266100C0E0FB /* CartViewController.xib in Resources */,
				A395CE2E18DC4DD300C0E0FB /* tabbar_cart_sel.png in Resources */,
				A395CE3218DC4DD300C0E0FB /* tabbar_homepage_sel.png in Resources */,
				A395CE0F18DC1B9D00C0E0FB /* HomeViewController.xib in Resources */,
			);
			runOnlyForDeploymentPostprocessing = 0;
		};
		A3A6C8BF18D97C08002F0989 /* Resources */ = {
			isa = PBXResourcesBuildPhase;
			buildActionMask = 2147483647;
			files = (
				A3A6C8CD18D97C08002F0989 /* InfoPlist.strings in Resources */,
			);
			runOnlyForDeploymentPostprocessing = 0;
		};
/* End PBXResourcesBuildPhase section */

/* Begin PBXShellScriptBuildPhase section */
		3F3EDFB96874446C83307C43 /* Check Pods Manifest.lock */ = {
			isa = PBXShellScriptBuildPhase;
			buildActionMask = 2147483647;
			files = (
			);
			inputPaths = (
			);
			name = "Check Pods Manifest.lock";
			outputPaths = (
			);
			runOnlyForDeploymentPostprocessing = 0;
			shellPath = /bin/sh;
			shellScript = "diff \"${PODS_ROOT}/../Podfile.lock\" \"${PODS_ROOT}/Manifest.lock\" > /dev/null\nif [[ $? != 0 ]] ; then\n    cat << EOM\nerror: The sandbox is not in sync with the Podfile.lock. Run 'pod install' or update your CocoaPods installation.\nEOM\n    exit 1\nfi\n";
			showEnvVarsInLog = 0;
		};
		94E3104C511B447C9758ECD2 /* Copy Pods Resources */ = {
			isa = PBXShellScriptBuildPhase;
			buildActionMask = 2147483647;
			files = (
			);
			inputPaths = (
			);
			name = "Copy Pods Resources";
			outputPaths = (
			);
			runOnlyForDeploymentPostprocessing = 0;
			shellPath = /bin/sh;
			shellScript = "\"${SRCROOT}/Pods/Pods-resources.sh\"\n";
			showEnvVarsInLog = 0;
		};
/* End PBXShellScriptBuildPhase section */

/* Begin PBXSourcesBuildPhase section */
		A3A6C8A218D97C08002F0989 /* Sources */ = {
			isa = PBXSourcesBuildPhase;
			buildActionMask = 2147483647;
			files = (
				A3A6C96D18D9AEDB002F0989 /* ResultInfo.m in Sources */,
				A3A6C8F918D9AA70002F0989 /* UIView+Common.m in Sources */,
				A3A6C8F618D9AA70002F0989 /* NSString+Common.m in Sources */,
				A3A6C97218D9AEDB002F0989 /* VersionInfo.m in Sources */,
				A395CE1318DC263A00C0E0FB /* CategoryViewController.m in Sources */,
				A3A6C96518D9AEDB002F0989 /* OrderInfo.m in Sources */,
				67E1EB9A19078AEF00986A3F /* SDNetworkActivityIndicator.m in Sources */,
				A3A6C96A18D9AEDB002F0989 /* RegistResultInfo.m in Sources */,
				A3A6C96E18D9AEDB002F0989 /* SearchResultInfo.m in Sources */,
				A3A6C95C18D9AEDB002F0989 /* FavoriteProductInfo.m in Sources */,
				A395CE1818DC264900C0E0FB /* MoreViewController.m in Sources */,
				A3A6C91B18D9AE62002F0989 /* YWUserService.m in Sources */,
				A3A6C97118D9AEDB002F0989 /* UserInfo.m in Sources */,
				671E1D8C190613D2006E4683 /* EGORefreshTableHeaderView.m in Sources */,
				671E1DA319065D83006E4683 /* OTSUtility.m in Sources */,
				A3A6C96018D9AEDB002F0989 /* LocalCarInfo.m in Sources */,
				671E1DB419067CFB006E4683 /* UserManageTool.m in Sources */,
				67E1EB9919078AEF00986A3F /* SDImageView+SDWebCache.m in Sources */,
				A3A6C95618D9AEDB002F0989 /* AdFloorInfo.m in Sources */,
				A3A6C96218D9AEDB002F0989 /* MyOrderInfo.m in Sources */,
				671E1D9D19063984006E4683 /* ImageCache.m in Sources */,
				671E1DA0190659FE006E4683 /* DataController.m in Sources */,
				A3A6C91718D9AE62002F0989 /* YWOrderService.m in Sources */,
				A3A6C91918D9AE62002F0989 /* YWSearchService.m in Sources */,
				671E1D901906164C006E4683 /* OTSPageView.m in Sources */,
				A3D1E55A18DA8DED00A0442D /* UITableView+LoadingMore.m in Sources */,
				A3A6C96B18D9AEDB002F0989 /* RelationWordInfo.m in Sources */,
				A3A6C91A18D9AE62002F0989 /* YWSystemService.m in Sources */,
				A390AA0418DD5D8600DE643D /* YWTabBarViewController.m in Sources */,
				A3A6C95718D9AEDB002F0989 /* CartInfo.m in Sources */,
				A3A6C8BA18D97C08002F0989 /* AppDelegate.m in Sources */,
				A3D1E55718DA882200A0442D /* GPSHelper.m in Sources */,
				A3A6C91518D9AE62002F0989 /* YWFavoriteService.m in Sources */,
				A3A6C8F818D9AA70002F0989 /* UIDevice+Common.m in Sources */,
				A3A6C96718D9AEDB002F0989 /* OrderResultInfo.m in Sources */,
				A3A6C96618D9AEDB002F0989 /* OrderPackageInfo.m in Sources */,
				67E1EB9819078AEF00986A3F /* SDDataCache.m in Sources */,
				A3A6C8F518D9AA70002F0989 /* NSObject+OTS.m in Sources */,
				A3A6C91618D9AE62002F0989 /* YWLocalCatService.m in Sources */,
				A3D1E55418DA880500A0442D /* Config.m in Sources */,
				A3A6C95E18D9AEDB002F0989 /* GiftInfo.m in Sources */,
				A3A6C96318D9AEDB002F0989 /* OrderContact.m in Sources */,
				67E1EB9C19078AEF00986A3F /* SDWebDataManager.m in Sources */,
				A3A6C96818D9AEDB002F0989 /* ProductInfo.m in Sources */,
				A3A6C95818D9AEDB002F0989 /* CategoryInfo.m in Sources */,
				A3A6C91218D9AE62002F0989 /* YWAddressService.m in Sources */,
				A3D1E55D18DADCC900A0442D /* GoodReceiverVO.m in Sources */,
				A3A6C95D18D9AEDB002F0989 /* FavoriteResultInfo.m in Sources */,
				A3A6C91418D9AE62002F0989 /* YWBrowseService.m in Sources */,
				67E1EB9B19078AEF00986A3F /* SDWebDataDownloader.m in Sources */,
				671E1DB1190672CC006E4683 /* GlobalValue.m in Sources */,
				67E1EB8619078A7300986A3F /* HomePageModelACell.m in Sources */,
				A3A6C91318D9AE62002F0989 /* YWBaseService.m in Sources */,
				A3A6C95A18D9AEDB002F0989 /* ConditionInfo.m in Sources */,
				A395CE1D18DC266100C0E0FB /* CartViewController.m in Sources */,
				A3A6C96418D9AEDB002F0989 /* OrderDetailInfo.m in Sources */,
				A3A6C95F18D9AEDB002F0989 /* InvoiceInfo.m in Sources */,
				671E1D9A19062573006E4683 /* NSString+MD5Addition.m in Sources */,
				A3A6C95918D9AEDB002F0989 /* CommentInfo.m in Sources */,
				A395CE2218DC268600C0E0FB /* MyAccountViewController.m in Sources */,
				A3A6C96118D9AEDB002F0989 /* LoginResultInfo.m in Sources */,
				A3A6C96F18D9AEDB002F0989 /* SpecialRecommendInfo.m in Sources */,
				671E1D971906235B006E4683 /* OTSAlertView.m in Sources */,
				A3A6C97018D9AEDB002F0989 /* SplitLogInfo.m in Sources */,
				671E1D8D190613D2006E4683 /* RefreshTablePullUp.m in Sources */,
				6732515418FFAD07003A33C9 /* OTSLoadingView.m in Sources */,
				A3A6C8B618D97C08002F0989 /* main.m in Sources */,
				A3A6C8F718D9AA70002F0989 /* UIColor+Common.m in Sources */,
				A3A6C91818D9AE62002F0989 /* YWProductService.m in Sources */,
				A3A6C96918D9AEDB002F0989 /* PromotionInfo.m in Sources */,
				671E1D9419061AAB006E4683 /* Page.m in Sources */,
				A3A6C91118D9AE62002F0989 /* YWGroupService.m in Sources */,
				A3A6C96C18D9AEDB002F0989 /* ResponseInfo.m in Sources */,
				A3A6C95B18D9AEDB002F0989 /* FareInfo.m in Sources */,
				A395CE0A18DBEE7900C0E0FB /* YWBaseViewController.m in Sources */,
				67E1EB9719078AEF00986A3F /* SDButton+SDWebCache.m in Sources */,
				A395CE0E18DC1B9D00C0E0FB /* HomeViewController.m in Sources */,
			);
			runOnlyForDeploymentPostprocessing = 0;
		};
		A3A6C8BD18D97C08002F0989 /* Sources */ = {
			isa = PBXSourcesBuildPhase;
			buildActionMask = 2147483647;
			files = (
				A3A6C8CF18D97C08002F0989 /* YaoWangNewProTests.m in Sources */,
			);
			runOnlyForDeploymentPostprocessing = 0;
		};
/* End PBXSourcesBuildPhase section */

/* Begin PBXTargetDependency section */
		A3A6C8C718D97C08002F0989 /* PBXTargetDependency */ = {
			isa = PBXTargetDependency;
			target = A3A6C8A518D97C08002F0989 /* YaoWangNewPro */;
			targetProxy = A3A6C8C618D97C08002F0989 /* PBXContainerItemProxy */;
		};
/* End PBXTargetDependency section */

/* Begin PBXVariantGroup section */
		A3A6C8B218D97C08002F0989 /* InfoPlist.strings */ = {
			isa = PBXVariantGroup;
			children = (
				A3A6C8B318D97C08002F0989 /* en */,
			);
			name = InfoPlist.strings;
			sourceTree = "<group>";
		};
		A3A6C8CB18D97C08002F0989 /* InfoPlist.strings */ = {
			isa = PBXVariantGroup;
			children = (
				A3A6C8CC18D97C08002F0989 /* en */,
			);
			name = InfoPlist.strings;
			sourceTree = "<group>";
		};
/* End PBXVariantGroup section */

/* Begin XCBuildConfiguration section */
		A3A6C8D018D97C08002F0989 /* Debug */ = {
			isa = XCBuildConfiguration;
			buildSettings = {
				ALWAYS_SEARCH_USER_PATHS = NO;
				ARCHS = "$(ARCHS_STANDARD_INCLUDING_64_BIT)";
				CLANG_CXX_LANGUAGE_STANDARD = "gnu++0x";
				CLANG_CXX_LIBRARY = "libc++";
				CLANG_ENABLE_MODULES = YES;
				CLANG_ENABLE_OBJC_ARC = YES;
				CLANG_WARN_BOOL_CONVERSION = YES;
				CLANG_WARN_CONSTANT_CONVERSION = YES;
				CLANG_WARN_DIRECT_OBJC_ISA_USAGE = YES_ERROR;
				CLANG_WARN_EMPTY_BODY = YES;
				CLANG_WARN_ENUM_CONVERSION = YES;
				CLANG_WARN_INT_CONVERSION = YES;
				CLANG_WARN_OBJC_ROOT_CLASS = YES_ERROR;
				CLANG_WARN__DUPLICATE_METHOD_MATCH = YES;
				CODE_SIGN_IDENTITY = "iPhone Developer: lu xiaofeng (U7NNF2HR5B)";
				"CODE_SIGN_IDENTITY[sdk=iphoneos*]" = "iPhone Developer: lu xiaofeng (U7NNF2HR5B)";
				COPY_PHASE_STRIP = NO;
				GCC_C_LANGUAGE_STANDARD = gnu99;
				GCC_DYNAMIC_NO_PIC = NO;
				GCC_OPTIMIZATION_LEVEL = 0;
				GCC_PREPROCESSOR_DEFINITIONS = (
					"DEBUG=1",
					"$(inherited)",
				);
				GCC_SYMBOLS_PRIVATE_EXTERN = NO;
				GCC_WARN_64_TO_32_BIT_CONVERSION = YES;
				GCC_WARN_ABOUT_RETURN_TYPE = YES_ERROR;
				GCC_WARN_UNDECLARED_SELECTOR = YES;
				GCC_WARN_UNINITIALIZED_AUTOS = YES;
				GCC_WARN_UNUSED_FUNCTION = YES;
				GCC_WARN_UNUSED_VARIABLE = YES;
				IPHONEOS_DEPLOYMENT_TARGET = 7.0;
				ONLY_ACTIVE_ARCH = YES;
				PROVISIONING_PROFILE = "17A50A30-AAB6-4811-B8C3-B22806E3B64E";
				SDKROOT = iphoneos;
			};
			name = Debug;
		};
		A3A6C8D118D97C08002F0989 /* Release */ = {
			isa = XCBuildConfiguration;
			buildSettings = {
				ALWAYS_SEARCH_USER_PATHS = NO;
				ARCHS = "$(ARCHS_STANDARD_INCLUDING_64_BIT)";
				CLANG_CXX_LANGUAGE_STANDARD = "gnu++0x";
				CLANG_CXX_LIBRARY = "libc++";
				CLANG_ENABLE_MODULES = YES;
				CLANG_ENABLE_OBJC_ARC = YES;
				CLANG_WARN_BOOL_CONVERSION = YES;
				CLANG_WARN_CONSTANT_CONVERSION = YES;
				CLANG_WARN_DIRECT_OBJC_ISA_USAGE = YES_ERROR;
				CLANG_WARN_EMPTY_BODY = YES;
				CLANG_WARN_ENUM_CONVERSION = YES;
				CLANG_WARN_INT_CONVERSION = YES;
				CLANG_WARN_OBJC_ROOT_CLASS = YES_ERROR;
				CLANG_WARN__DUPLICATE_METHOD_MATCH = YES;
				CODE_SIGN_IDENTITY = "iPhone Developer: lu xiaofeng (U7NNF2HR5B)";
				"CODE_SIGN_IDENTITY[sdk=iphoneos*]" = "iPhone Developer";
				COPY_PHASE_STRIP = YES;
				ENABLE_NS_ASSERTIONS = NO;
				GCC_C_LANGUAGE_STANDARD = gnu99;
				GCC_WARN_64_TO_32_BIT_CONVERSION = YES;
				GCC_WARN_ABOUT_RETURN_TYPE = YES_ERROR;
				GCC_WARN_UNDECLARED_SELECTOR = YES;
				GCC_WARN_UNINITIALIZED_AUTOS = YES;
				GCC_WARN_UNUSED_FUNCTION = YES;
				GCC_WARN_UNUSED_VARIABLE = YES;
				IPHONEOS_DEPLOYMENT_TARGET = 7.0;
				PROVISIONING_PROFILE = "17A50A30-AAB6-4811-B8C3-B22806E3B64E";
				SDKROOT = iphoneos;
				VALIDATE_PRODUCT = YES;
			};
			name = Release;
		};
		A3A6C8D318D97C08002F0989 /* Debug */ = {
			isa = XCBuildConfiguration;
			baseConfigurationReference = 8EE0CC09F2D143FD996BECBA /* Pods.xcconfig */;
			buildSettings = {
				ASSETCATALOG_COMPILER_APPICON_NAME = AppIcon;
				ASSETCATALOG_COMPILER_LAUNCHIMAGE_NAME = LaunchImage;
				CLANG_WARN_DIRECT_OBJC_ISA_USAGE = NO;
				CODE_SIGN_IDENTITY = "iPhone Developer: lu xiaofeng (U7NNF2HR5B)";
				GCC_C_LANGUAGE_STANDARD = c99;
				GCC_PRECOMPILE_PREFIX_HEADER = YES;
				GCC_PREFIX_HEADER = "YaoWangNewPro/YaoWangNewPro-Prefix.pch";
				INFOPLIST_FILE = "YaoWangNewPro/YaoWangNewPro-Info.plist";
				IPHONEOS_DEPLOYMENT_TARGET = 5.0;
				PRODUCT_NAME = "$(TARGET_NAME)";
				PROVISIONING_PROFILE = "17A50A30-AAB6-4811-B8C3-B22806E3B64E";
				VALID_ARCHS = "arm64 armv7 armv7s";
				WRAPPER_EXTENSION = app;
			};
			name = Debug;
		};
		A3A6C8D418D97C08002F0989 /* Release */ = {
			isa = XCBuildConfiguration;
			baseConfigurationReference = 8EE0CC09F2D143FD996BECBA /* Pods.xcconfig */;
			buildSettings = {
				ASSETCATALOG_COMPILER_APPICON_NAME = AppIcon;
				ASSETCATALOG_COMPILER_LAUNCHIMAGE_NAME = LaunchImage;
				CLANG_WARN_DIRECT_OBJC_ISA_USAGE = NO;
				CODE_SIGN_IDENTITY = "iPhone Developer: lu xiaofeng (U7NNF2HR5B)";
				GCC_C_LANGUAGE_STANDARD = c99;
				GCC_PRECOMPILE_PREFIX_HEADER = YES;
				GCC_PREFIX_HEADER = "YaoWangNewPro/YaoWangNewPro-Prefix.pch";
				INFOPLIST_FILE = "YaoWangNewPro/YaoWangNewPro-Info.plist";
				IPHONEOS_DEPLOYMENT_TARGET = 5.0;
				PRODUCT_NAME = "$(TARGET_NAME)";
				PROVISIONING_PROFILE = "17A50A30-AAB6-4811-B8C3-B22806E3B64E";
				VALID_ARCHS = "arm64 armv7 armv7s";
				WRAPPER_EXTENSION = app;
			};
			name = Release;
		};
		A3A6C8D618D97C08002F0989 /* Debug */ = {
			isa = XCBuildConfiguration;
			buildSettings = {
				ARCHS = "$(ARCHS_STANDARD_INCLUDING_64_BIT)";
				BUNDLE_LOADER = "$(BUILT_PRODUCTS_DIR)/YaoWangNewPro.app/YaoWangNewPro";
				FRAMEWORK_SEARCH_PATHS = (
					"$(SDKROOT)/Developer/Library/Frameworks",
					"$(inherited)",
					"$(DEVELOPER_FRAMEWORKS_DIR)",
				);
				GCC_PRECOMPILE_PREFIX_HEADER = YES;
				GCC_PREFIX_HEADER = "YaoWangNewPro/YaoWangNewPro-Prefix.pch";
				GCC_PREPROCESSOR_DEFINITIONS = (
					"DEBUG=1",
					"$(inherited)",
				);
				INFOPLIST_FILE = "YaoWangNewProTests/YaoWangNewProTests-Info.plist";
				PRODUCT_NAME = "$(TARGET_NAME)";
				TEST_HOST = "$(BUNDLE_LOADER)";
				WRAPPER_EXTENSION = xctest;
			};
			name = Debug;
		};
		A3A6C8D718D97C08002F0989 /* Release */ = {
			isa = XCBuildConfiguration;
			buildSettings = {
				ARCHS = "$(ARCHS_STANDARD_INCLUDING_64_BIT)";
				BUNDLE_LOADER = "$(BUILT_PRODUCTS_DIR)/YaoWangNewPro.app/YaoWangNewPro";
				FRAMEWORK_SEARCH_PATHS = (
					"$(SDKROOT)/Developer/Library/Frameworks",
					"$(inherited)",
					"$(DEVELOPER_FRAMEWORKS_DIR)",
				);
				GCC_PRECOMPILE_PREFIX_HEADER = YES;
				GCC_PREFIX_HEADER = "YaoWangNewPro/YaoWangNewPro-Prefix.pch";
				INFOPLIST_FILE = "YaoWangNewProTests/YaoWangNewProTests-Info.plist";
				PRODUCT_NAME = "$(TARGET_NAME)";
				TEST_HOST = "$(BUNDLE_LOADER)";
				WRAPPER_EXTENSION = xctest;
			};
			name = Release;
		};
/* End XCBuildConfiguration section */

/* Begin XCConfigurationList section */
		A3A6C8A118D97C08002F0989 /* Build configuration list for PBXProject "YaoWangNewPro" */ = {
			isa = XCConfigurationList;
			buildConfigurations = (
				A3A6C8D018D97C08002F0989 /* Debug */,
				A3A6C8D118D97C08002F0989 /* Release */,
			);
			defaultConfigurationIsVisible = 0;
			defaultConfigurationName = Release;
		};
		A3A6C8D218D97C08002F0989 /* Build configuration list for PBXNativeTarget "YaoWangNewPro" */ = {
			isa = XCConfigurationList;
			buildConfigurations = (
				A3A6C8D318D97C08002F0989 /* Debug */,
				A3A6C8D418D97C08002F0989 /* Release */,
			);
			defaultConfigurationIsVisible = 0;
			defaultConfigurationName = Release;
		};
		A3A6C8D518D97C08002F0989 /* Build configuration list for PBXNativeTarget "YaoWangNewProTests" */ = {
			isa = XCConfigurationList;
			buildConfigurations = (
				A3A6C8D618D97C08002F0989 /* Debug */,
				A3A6C8D718D97C08002F0989 /* Release */,
			);
			defaultConfigurationIsVisible = 0;
			defaultConfigurationName = Release;
		};
/* End XCConfigurationList section */
	};
	rootObject = A3A6C89E18D97C08002F0989 /* Project object */;
}
